{
    "version": 3,
    "terraform_version": "0.9.11",
    "serial": 1,
    "lineage": "fe414725-6f46-41d3-beb2-23377755bb4a",
    "modules": [
        {
            "path": [
                "root"
            ],
            "outputs": {
                "aws_elb_service_account_output": {
                    "sensitive": false,
                    "type": "string",
                    "value": "arn:aws:iam::027434742980:root"
                },
                "crp_was_sg_id": {
                    "sensitive": false,
                    "type": "string",
                    "value": "sg-a5f689c3"
                },
                "crp_was_sg_name": {
                    "sensitive": false,
                    "type": "string",
                    "value": "was-crp-prod-sg"
                }
            },
            "resources": {
                "aws_security_group.was": {
                    "type": "aws_security_group",
                    "depends_on": [
                        "data.terraform_remote_state.vpc"
                    ],
                    "primary": {
                        "id": "sg-a5f689c3",
                        "attributes": {
                            "description": "was-crp-prod-sg",
                            "egress.#": "1",
                            "egress.482069346.cidr_blocks.#": "1",
                            "egress.482069346.cidr_blocks.0": "0.0.0.0/0",
                            "egress.482069346.from_port": "0",
                            "egress.482069346.ipv6_cidr_blocks.#": "0",
                            "egress.482069346.prefix_list_ids.#": "0",
                            "egress.482069346.protocol": "-1",
                            "egress.482069346.security_groups.#": "0",
                            "egress.482069346.self": "false",
                            "egress.482069346.to_port": "0",
                            "id": "sg-a5f689c3",
                            "ingress.#": "1",
                            "ingress.1125060848.cidr_blocks.#": "0",
                            "ingress.1125060848.from_port": "8080",
                            "ingress.1125060848.ipv6_cidr_blocks.#": "0",
                            "ingress.1125060848.protocol": "tcp",
                            "ingress.1125060848.security_groups.#": "1",
                            "ingress.1125060848.security_groups.1601587463": "sg-0ef68968",
                            "ingress.1125060848.self": "false",
                            "ingress.1125060848.to_port": "8080",
                            "name": "was-crp-prod-sg",
                            "owner_id": "060671536724",
                            "tags.%": "7",
                            "tags.Name": "was-crp-prod-sg",
                            "tags.environment": "prod",
                            "tags.first_owner": "mingbo.sha",
                            "tags.project": "kpgw",
                            "tags.provisioned": "terraform",
                            "tags.second_owner": "mingbo.sha",
                            "tags.time_frame": "7X24",
                            "vpc_id": "vpc-c2586ca6"
                        },
                        "meta": {},
                        "tainted": false
                    },
                    "deposed": [],
                    "provider": ""
                },
                "aws_security_group_rule.was-8080": {
                    "type": "aws_security_group_rule",
                    "depends_on": [
                        "aws_security_group.was",
                        "module.ext-elb"
                    ],
                    "primary": {
                        "id": "sgrule-1289146711",
                        "attributes": {
                            "cidr_blocks.#": "0",
                            "from_port": "8080",
                            "id": "sgrule-1289146711",
                            "ipv6_cidr_blocks.#": "0",
                            "prefix_list_ids.#": "0",
                            "protocol": "tcp",
                            "security_group_id": "sg-a5f689c3",
                            "self": "false",
                            "source_security_group_id": "sg-0ef68968",
                            "to_port": "8080",
                            "type": "ingress"
                        },
                        "meta": {
                            "schema_version": "2"
                        },
                        "tainted": false
                    },
                    "deposed": [],
                    "provider": ""
                },
                "aws_security_group_rule.was_egress_all": {
                    "type": "aws_security_group_rule",
                    "depends_on": [
                        "aws_security_group.was"
                    ],
                    "primary": {
                        "id": "sgrule-2692334265",
                        "attributes": {
                            "cidr_blocks.#": "1",
                            "cidr_blocks.0": "0.0.0.0/0",
                            "from_port": "0",
                            "id": "sgrule-2692334265",
                            "ipv6_cidr_blocks.#": "0",
                            "prefix_list_ids.#": "0",
                            "protocol": "-1",
                            "security_group_id": "sg-a5f689c3",
                            "self": "false",
                            "to_port": "0",
                            "type": "egress"
                        },
                        "meta": {
                            "schema_version": "2"
                        },
                        "tainted": false
                    },
                    "deposed": [],
                    "provider": ""
                },
                "data.aws_elb_service_account.main": {
                    "type": "aws_elb_service_account",
                    "depends_on": [],
                    "primary": {
                        "id": "027434742980",
                        "attributes": {
                            "arn": "arn:aws:iam::027434742980:root",
                            "id": "027434742980"
                        },
                        "meta": {},
                        "tainted": false
                    },
                    "deposed": [],
                    "provider": ""
                },
                "data.terraform_remote_state.vpc": {
                    "type": "terraform_remote_state",
                    "depends_on": [],
                    "primary": {
                        "id": "2017-10-18 07:57:21.601148 +0000 UTC",
                        "attributes": {
                            "backend": "s3",
                            "config.%": "5",
                            "config.bucket": "terraform-prod-us-west-1",
                            "config.dynamodb_table": "gw_prod_terraform_state",
                            "config.key": "terraform/state/prod/us-west-1/vpc/terraform.tfstate",
                            "config.profile": "satish",
                            "config.region": "us-west-1",
                            "emr_private_master_sg_id": "sg-8085fae6",
                            "emr_private_master_sg_name": "ElasticMapReduce-Master-Private",
                            "emr_private_slave_sg_id": "sg-6d86f90b",
                            "emr_private_slave_sg_name": "ElasticMapReduce-Slave-Private",
                            "emr_public_master_sg_id": "sg-cf84fba9",
                            "emr_public_master_sg_name": "ElasticMapReduce-Master",
                            "emr_public_slave_sg_id": "sg-ca84fbac",
                            "emr_public_slave_sg_name": "ElasticMapReduce-Slave",
                            "emr_service_access_sg_id": "sg-1683fc70",
                            "emr_service_access_sg_name": "ElasticMapReduce-ServiceAccess",
                            "emr_subnet_id": "subnet-5e79a939",
                            "environment": "default",
                            "id": "2017-10-18 07:57:21.601148 +0000 UTC",
                            "internal_zone_domain": "internal",
                            "internal_zone_id": "Z53CR1W7814AA",
                            "internal_zone_ns.#": "4",
                            "internal_zone_ns.0": "ns-0.awsdns-00.com.",
                            "internal_zone_ns.1": "ns-1024.awsdns-00.org.",
                            "internal_zone_ns.2": "ns-1536.awsdns-00.co.uk.",
                            "internal_zone_ns.3": "ns-512.awsdns-00.net.",
                            "vpc_azs.#": "2",
                            "vpc_azs.0": "us-west-1a",
                            "vpc_azs.1": "us-west-1c",
                            "vpc_bastion_public_dns.#": "1",
                            "vpc_bastion_public_dns.0": "ec2-54-183-86-246.us-west-1.compute.amazonaws.com",
                            "vpc_bastion_sg_id": "sg-7683fc10",
                            "vpc_cidr_block": "10.190.0.0/16",
                            "vpc_common_sg_id": "sg-4585fa23",
                            "vpc_common_sg_name": "kpgw-prod-common-sg",
                            "vpc_environment": "prod",
                            "vpc_id": "vpc-c2586ca6",
                            "vpc_igw_id": "igw-4069bd24",
                            "vpc_key_name": "kpgw-prod",
                            "vpc_nat_eips.#": "2",
                            "vpc_nat_eips.0": "eipalloc-698c7a54",
                            "vpc_nat_eips.1": "eipalloc-858c7ab8",
                            "vpc_nat_eips_public_ips.#": "2",
                            "vpc_nat_eips_public_ips.0": "52.9.185.139",
                            "vpc_nat_eips_public_ips.1": "13.57.81.190",
                            "vpc_natgw_ids.#": "2",
                            "vpc_natgw_ids.0": "nat-05b2d31268157fc92",
                            "vpc_natgw_ids.1": "nat-057079c35249e86b6",
                            "vpc_private_subnet_ids.#": "2",
                            "vpc_private_subnet_ids.0": "subnet-5f79a938",
                            "vpc_private_subnet_ids.1": "subnet-7c0fe927",
                            "vpc_project": "kpgw",
                            "vpc_public_subnet_ids.#": "2",
                            "vpc_public_subnet_ids.0": "subnet-ad7babca",
                            "vpc_public_subnet_ids.1": "subnet-580bed03",
                            "vpc_region": "us-west-1",
                            "vpc_zone_aliases.#": "2",
                            "vpc_zone_aliases.0": "uw1a",
                            "vpc_zone_aliases.1": "uw1c"
                        },
                        "meta": {},
                        "tainted": false
                    },
                    "deposed": [],
                    "provider": ""
                }
            },
            "depends_on": []
        },
        {
            "path": [
                "root",
                "batch_host"
            ],
            "outputs": {
                "ec2_instance_ids": {
                    "sensitive": false,
                    "type": "list",
                    "value": [
                        "i-049ff4fc9ac077fe6"
                    ]
                },
                "ec2_instance_private_dns": {
                    "sensitive": false,
                    "type": "list",
                    "value": [
                        "ip-10-190-1-24.us-west-1.compute.internal"
                    ]
                },
                "ec2_instance_private_ips": {
                    "sensitive": false,
                    "type": "list",
                    "value": [
                        "10.190.1.24"
                    ]
                },
                "ec2_instance_public_dns": {
                    "sensitive": false,
                    "type": "list",
                    "value": [
                        ""
                    ]
                },
                "ec2_instance_subnet_ids": {
                    "sensitive": false,
                    "type": "list",
                    "value": [
                        "subnet-5f79a938"
                    ]
                }
            },
            "resources": {
                "aws_instance.ec2": {
                    "type": "aws_instance",
                    "depends_on": [],
                    "primary": {
                        "id": "i-049ff4fc9ac077fe6",
                        "attributes": {
                            "ami": "ami-563a1736",
                            "associate_public_ip_address": "false",
                            "availability_zone": "us-west-1a",
                            "disable_api_termination": "false",
                            "ebs_block_device.#": "0",
                            "ebs_optimized": "false",
                            "ephemeral_block_device.#": "0",
                            "iam_instance_profile": "EC2_General",
                            "id": "i-049ff4fc9ac077fe6",
                            "instance_state": "running",
                            "instance_type": "t2.micro",
                            "ipv6_addresses.#": "0",
                            "key_name": "kpgw-prod",
                            "monitoring": "false",
                            "network_interface.#": "0",
                            "network_interface_id": "eni-8cd519a3",
                            "primary_network_interface_id": "eni-8cd519a3",
                            "private_dns": "ip-10-190-1-24.us-west-1.compute.internal",
                            "private_ip": "10.190.1.24",
                            "public_dns": "",
                            "public_ip": "",
                            "root_block_device.#": "1",
                            "root_block_device.0.delete_on_termination": "true",
                            "root_block_device.0.iops": "100",
                            "root_block_device.0.volume_size": "8",
                            "root_block_device.0.volume_type": "gp2",
                            "security_groups.#": "0",
                            "source_dest_check": "true",
                            "subnet_id": "subnet-5f79a938",
                            "tags.%": "13",
                            "tags.Name": "bat1-crp-uw1a-prod",
                            "tags.ansible": "yes",
                            "tags.configured": "ansible",
                            "tags.environment": "prod",
                            "tags.first_owner": "First Owner",
                            "tags.project": "kpgw",
                            "tags.provisioned": "terraform",
                            "tags.purpose": "crp-app",
                            "tags.role": "bat",
                            "tags.second_owner": "Second Owner",
                            "tags.service": "crp",
                            "tags.time_frame": "7x24",
                            "tags.zone": "uw1a",
                            "tenancy": "default",
                            "user_data": "9acf505af5f41a91dd9f9f84538ee6e83def4542",
                            "volume_tags.%": "0",
                            "vpc_security_group_ids.#": "2",
                            "vpc_security_group_ids.3039896433": "sg-a5f689c3",
                            "vpc_security_group_ids.856598024": "sg-4585fa23"
                        },
                        "meta": {
                            "e2bfb730-ecaa-11e6-8f88-34363bc7c4c0": {
                                "create": 600000000000,
                                "delete": 600000000000,
                                "update": 600000000000
                            },
                            "schema_version": "1"
                        },
                        "tainted": false
                    },
                    "deposed": [],
                    "provider": ""
                }
            },
            "depends_on": []
        },
        {
            "path": [
                "root",
                "ext-elb"
            ],
            "outputs": {
                "elb_name": {
                    "sensitive": false,
                    "type": "string",
                    "value": "ext-web-crp-elb"
                },
                "elb_sg_id": {
                    "sensitive": false,
                    "type": "string",
                    "value": "sg-0ef68968"
                },
                "elb_sg_name": {
                    "sensitive": false,
                    "type": "string",
                    "value": "ext-web-crp-sg"
                }
            },
            "resources": {
                "aws_security_group.elb": {
                    "type": "aws_security_group",
                    "depends_on": [],
                    "primary": {
                        "id": "sg-0ef68968",
                        "attributes": {
                            "description": "ext-web-crp-sg",
                            "egress.#": "1",
                            "egress.482069346.cidr_blocks.#": "1",
                            "egress.482069346.cidr_blocks.0": "0.0.0.0/0",
                            "egress.482069346.from_port": "0",
                            "egress.482069346.ipv6_cidr_blocks.#": "0",
                            "egress.482069346.prefix_list_ids.#": "0",
                            "egress.482069346.protocol": "-1",
                            "egress.482069346.security_groups.#": "0",
                            "egress.482069346.self": "false",
                            "egress.482069346.to_port": "0",
                            "id": "sg-0ef68968",
                            "ingress.#": "2",
                            "ingress.2214680975.cidr_blocks.#": "1",
                            "ingress.2214680975.cidr_blocks.0": "0.0.0.0/0",
                            "ingress.2214680975.from_port": "80",
                            "ingress.2214680975.ipv6_cidr_blocks.#": "0",
                            "ingress.2214680975.protocol": "tcp",
                            "ingress.2214680975.security_groups.#": "0",
                            "ingress.2214680975.self": "false",
                            "ingress.2214680975.to_port": "80",
                            "ingress.2617001939.cidr_blocks.#": "1",
                            "ingress.2617001939.cidr_blocks.0": "0.0.0.0/0",
                            "ingress.2617001939.from_port": "443",
                            "ingress.2617001939.ipv6_cidr_blocks.#": "0",
                            "ingress.2617001939.protocol": "tcp",
                            "ingress.2617001939.security_groups.#": "0",
                            "ingress.2617001939.self": "false",
                            "ingress.2617001939.to_port": "443",
                            "name": "ext-web-crp-sg",
                            "owner_id": "060671536724",
                            "tags.%": "9",
                            "tags.Name": "int-web-crp-sg",
                            "tags.environment": "prod",
                            "tags.first_owner": "mingbo.sha",
                            "tags.project": "kpgw",
                            "tags.provisioned": "terraform",
                            "tags.role": "web",
                            "tags.second_owner": "mingbo.sha",
                            "tags.service": "crp",
                            "tags.time_frame": "7x24",
                            "vpc_id": "vpc-c2586ca6"
                        },
                        "meta": {},
                        "tainted": false
                    },
                    "deposed": [],
                    "provider": ""
                },
                "aws_security_group_rule.elb_443": {
                    "type": "aws_security_group_rule",
                    "depends_on": [
                        "aws_security_group.elb"
                    ],
                    "primary": {
                        "id": "sgrule-2306859961",
                        "attributes": {
                            "cidr_blocks.#": "1",
                            "cidr_blocks.0": "0.0.0.0/0",
                            "from_port": "443",
                            "id": "sgrule-2306859961",
                            "ipv6_cidr_blocks.#": "0",
                            "prefix_list_ids.#": "0",
                            "protocol": "tcp",
                            "security_group_id": "sg-0ef68968",
                            "self": "false",
                            "to_port": "443",
                            "type": "ingress"
                        },
                        "meta": {
                            "schema_version": "2"
                        },
                        "tainted": false
                    },
                    "deposed": [],
                    "provider": ""
                },
                "aws_security_group_rule.elb_80": {
                    "type": "aws_security_group_rule",
                    "depends_on": [
                        "aws_security_group.elb"
                    ],
                    "primary": {
                        "id": "sgrule-4275165549",
                        "attributes": {
                            "cidr_blocks.#": "1",
                            "cidr_blocks.0": "0.0.0.0/0",
                            "from_port": "80",
                            "id": "sgrule-4275165549",
                            "ipv6_cidr_blocks.#": "0",
                            "prefix_list_ids.#": "0",
                            "protocol": "tcp",
                            "security_group_id": "sg-0ef68968",
                            "self": "false",
                            "to_port": "80",
                            "type": "ingress"
                        },
                        "meta": {
                            "schema_version": "2"
                        },
                        "tainted": false
                    },
                    "deposed": [],
                    "provider": ""
                },
                "aws_security_group_rule.elb_egress_all": {
                    "type": "aws_security_group_rule",
                    "depends_on": [
                        "aws_security_group.elb"
                    ],
                    "primary": {
                        "id": "sgrule-1519083940",
                        "attributes": {
                            "cidr_blocks.#": "1",
                            "cidr_blocks.0": "0.0.0.0/0",
                            "from_port": "0",
                            "id": "sgrule-1519083940",
                            "ipv6_cidr_blocks.#": "0",
                            "prefix_list_ids.#": "0",
                            "protocol": "-1",
                            "security_group_id": "sg-0ef68968",
                            "self": "false",
                            "to_port": "0",
                            "type": "egress"
                        },
                        "meta": {
                            "schema_version": "2"
                        },
                        "tainted": false
                    },
                    "deposed": [],
                    "provider": ""
                }
            },
            "depends_on": []
        },
        {
            "path": [
                "root",
                "redis"
            ],
            "outputs": {
                "elasticache_cluster_id": {
                    "sensitive": false,
                    "type": "string",
                    "value": "usprod-crp-redis"
                },
                "elasticache_node_port": {
                    "sensitive": false,
                    "type": "string",
                    "value": "6379"
                },
                "elasticache_security_group_id": {
                    "sensitive": false,
                    "type": "string",
                    "value": "sg-9bf788fd"
                },
                "elasticache_security_group_name": {
                    "sensitive": false,
                    "type": "string",
                    "value": "USprod-crp-cache"
                },
                "elasticache_subnet_group_desc": {
                    "sensitive": false,
                    "type": "string",
                    "value": "Managed by Terraform"
                },
                "elasticache_subnet_group_name": {
                    "sensitive": false,
                    "type": "string",
                    "value": "kgetwell-cache-subnet"
                },
                "elasticache_subnet_group_subnets": {
                    "sensitive": false,
                    "type": "list",
                    "value": [
                        "subnet-5f79a938",
                        "subnet-7c0fe927"
                    ]
                },
                "name_prefix": {
                    "sensitive": false,
                    "type": "string",
                    "value": "USprod-crp"
                }
            },
            "resources": {
                "aws_elasticache_cluster.default": {
                    "type": "aws_elasticache_cluster",
                    "depends_on": [
                        "aws_elasticache_subnet_group.default",
                        "aws_security_group.default",
                        "data.template_file.name_prefix"
                    ],
                    "primary": {
                        "id": "usprod-crp-redis",
                        "attributes": {
                            "availability_zone": "us-west-1a",
                            "availability_zones.#": "1",
                            "availability_zones.3205754986": "us-west-1a",
                            "cache_nodes.#": "1",
                            "cache_nodes.0.address": "usprod-crp-redis.ccklll.0001.usw1.cache.amazonaws.com",
                            "cache_nodes.0.availability_zone": "us-west-1a",
                            "cache_nodes.0.id": "0001",
                            "cache_nodes.0.port": "6379",
                            "cluster_id": "usprod-crp-redis",
                            "engine": "redis",
                            "engine_version": "3.2.4",
                            "id": "usprod-crp-redis",
                            "maintenance_window": "wed:11:00-wed:12:00",
                            "node_type": "cache.t2.medium",
                            "num_cache_nodes": "1",
                            "parameter_group_name": "default.redis3.2",
                            "port": "6379",
                            "security_group_ids.#": "1",
                            "security_group_ids.1633316782": "sg-9bf788fd",
                            "security_group_names.#": "0",
                            "snapshot_retention_limit": "0",
                            "snapshot_window": "",
                            "subnet_group_name": "kgetwell-cache-subnet",
                            "tags.%": "0"
                        },
                        "meta": {},
                        "tainted": false
                    },
                    "deposed": [],
                    "provider": ""
                },
                "aws_elasticache_subnet_group.default": {
                    "type": "aws_elasticache_subnet_group",
                    "depends_on": [],
                    "primary": {
                        "id": "kgetwell-cache-subnet",
                        "attributes": {
                            "description": "Managed by Terraform",
                            "id": "kgetwell-cache-subnet",
                            "name": "kgetwell-cache-subnet",
                            "subnet_ids.#": "2",
                            "subnet_ids.1210162822": "subnet-5f79a938",
                            "subnet_ids.4189873529": "subnet-7c0fe927"
                        },
                        "meta": {},
                        "tainted": false
                    },
                    "deposed": [],
                    "provider": ""
                },
                "aws_security_group.default": {
                    "type": "aws_security_group",
                    "depends_on": [
                        "data.template_file.name_prefix"
                    ],
                    "primary": {
                        "id": "sg-9bf788fd",
                        "attributes": {
                            "description": "USprod-crp-cache",
                            "egress.#": "1",
                            "egress.482069346.cidr_blocks.#": "1",
                            "egress.482069346.cidr_blocks.0": "0.0.0.0/0",
                            "egress.482069346.from_port": "0",
                            "egress.482069346.ipv6_cidr_blocks.#": "0",
                            "egress.482069346.prefix_list_ids.#": "0",
                            "egress.482069346.protocol": "-1",
                            "egress.482069346.security_groups.#": "0",
                            "egress.482069346.self": "false",
                            "egress.482069346.to_port": "0",
                            "id": "sg-9bf788fd",
                            "ingress.#": "1",
                            "ingress.1048601095.cidr_blocks.#": "0",
                            "ingress.1048601095.from_port": "6379",
                            "ingress.1048601095.ipv6_cidr_blocks.#": "0",
                            "ingress.1048601095.protocol": "tcp",
                            "ingress.1048601095.security_groups.#": "1",
                            "ingress.1048601095.security_groups.3039896433": "sg-a5f689c3",
                            "ingress.1048601095.self": "false",
                            "ingress.1048601095.to_port": "6379",
                            "name": "USprod-crp-cache",
                            "owner_id": "060671536724",
                            "tags.%": "10",
                            "tags.Name": "USprod-crp-cache",
                            "tags.environment": "prod",
                            "tags.first_owner": "kl.cheng@partner.samsung.com",
                            "tags.project": "kpgw",
                            "tags.provisioned": "terraform",
                            "tags.purpose": "crp-cache-sg",
                            "tags.role": "KP-GETWELL-REDIS",
                            "tags.second_owner": "noboby",
                            "tags.service": "crp",
                            "tags.time_frame": "24x7",
                            "vpc_id": "vpc-c2586ca6"
                        },
                        "meta": {},
                        "tainted": false
                    },
                    "deposed": [],
                    "provider": ""
                },
                "aws_security_group_rule.egress_all": {
                    "type": "aws_security_group_rule",
                    "depends_on": [
                        "aws_security_group.default"
                    ],
                    "primary": {
                        "id": "sgrule-2005012027",
                        "attributes": {
                            "cidr_blocks.#": "1",
                            "cidr_blocks.0": "0.0.0.0/0",
                            "from_port": "0",
                            "id": "sgrule-2005012027",
                            "ipv6_cidr_blocks.#": "0",
                            "prefix_list_ids.#": "0",
                            "protocol": "-1",
                            "security_group_id": "sg-9bf788fd",
                            "self": "false",
                            "to_port": "0",
                            "type": "egress"
                        },
                        "meta": {
                            "schema_version": "2"
                        },
                        "tainted": false
                    },
                    "deposed": [],
                    "provider": ""
                },
                "aws_security_group_rule.inbound": {
                    "type": "aws_security_group_rule",
                    "depends_on": [
                        "aws_security_group.default"
                    ],
                    "primary": {
                        "id": "sgrule-1743723678",
                        "attributes": {
                            "cidr_blocks.#": "0",
                            "from_port": "6379",
                            "id": "sgrule-1743723678",
                            "ipv6_cidr_blocks.#": "0",
                            "prefix_list_ids.#": "0",
                            "protocol": "tcp",
                            "security_group_id": "sg-9bf788fd",
                            "self": "false",
                            "source_security_group_id": "sg-a5f689c3",
                            "to_port": "6379",
                            "type": "ingress"
                        },
                        "meta": {
                            "schema_version": "2"
                        },
                        "tainted": false
                    },
                    "deposed": [],
                    "provider": ""
                },
                "data.template_file.name_prefix": {
                    "type": "template_file",
                    "depends_on": [],
                    "primary": {
                        "id": "1193de0dbbf2cc90e0449d0eb5c93301910b58796c57fbf4ac2162584e4cc255",
                        "attributes": {
                            "id": "1193de0dbbf2cc90e0449d0eb5c93301910b58796c57fbf4ac2162584e4cc255",
                            "rendered": "USprod-crp",
                            "template": "${name}",
                            "vars.%": "1",
                            "vars.name": "USprod-crp"
                        },
                        "meta": {},
                        "tainted": false
                    },
                    "deposed": [],
                    "provider": ""
                }
            },
            "depends_on": []
        },
        {
            "path": [
                "root",
                "was"
            ],
            "outputs": {
                "ec2_instance_ids": {
                    "sensitive": false,
                    "type": "list",
                    "value": [
                        "i-022cba58face0d90e",
                        "i-02d4cc281738efd37"
                    ]
                },
                "ec2_instance_private_dns": {
                    "sensitive": false,
                    "type": "list",
                    "value": [
                        "ip-10-190-1-27.us-west-1.compute.internal",
                        "ip-10-190-2-129.us-west-1.compute.internal"
                    ]
                },
                "ec2_instance_private_ips": {
                    "sensitive": false,
                    "type": "list",
                    "value": [
                        "10.190.1.27",
                        "10.190.2.129"
                    ]
                },
                "ec2_instance_public_dns": {
                    "sensitive": false,
                    "type": "list",
                    "value": [
                        "",
                        ""
                    ]
                },
                "ec2_instance_subnet_ids": {
                    "sensitive": false,
                    "type": "list",
                    "value": [
                        "subnet-5f79a938",
                        "subnet-7c0fe927"
                    ]
                }
            },
            "resources": {
                "aws_instance.ec2.0": {
                    "type": "aws_instance",
                    "depends_on": [],
                    "primary": {
                        "id": "i-022cba58face0d90e",
                        "attributes": {
                            "ami": "ami-563a1736",
                            "associate_public_ip_address": "false",
                            "availability_zone": "us-west-1a",
                            "disable_api_termination": "false",
                            "ebs_block_device.#": "0",
                            "ebs_optimized": "false",
                            "ephemeral_block_device.#": "0",
                            "iam_instance_profile": "EC2_General",
                            "id": "i-022cba58face0d90e",
                            "instance_state": "running",
                            "instance_type": "t2.micro",
                            "ipv6_addresses.#": "0",
                            "key_name": "kpgw-prod",
                            "monitoring": "false",
                            "network_interface.#": "0",
                            "network_interface_id": "eni-1dd71b32",
                            "primary_network_interface_id": "eni-1dd71b32",
                            "private_dns": "ip-10-190-1-27.us-west-1.compute.internal",
                            "private_ip": "10.190.1.27",
                            "public_dns": "",
                            "public_ip": "",
                            "root_block_device.#": "1",
                            "root_block_device.0.delete_on_termination": "true",
                            "root_block_device.0.iops": "100",
                            "root_block_device.0.volume_size": "8",
                            "root_block_device.0.volume_type": "gp2",
                            "security_groups.#": "0",
                            "source_dest_check": "true",
                            "subnet_id": "subnet-5f79a938",
                            "tags.%": "13",
                            "tags.Name": "was1-crp-uw1a-prod",
                            "tags.ansible": "yes",
                            "tags.configured": "ansible",
                            "tags.environment": "prod",
                            "tags.first_owner": "First Owner",
                            "tags.project": "kpgw",
                            "tags.provisioned": "terraform",
                            "tags.purpose": "crp-app",
                            "tags.role": "was",
                            "tags.second_owner": "Second Owner",
                            "tags.service": "crp",
                            "tags.time_frame": "7x24",
                            "tags.zone": "uw1a",
                            "tenancy": "default",
                            "user_data": "9acf505af5f41a91dd9f9f84538ee6e83def4542",
                            "volume_tags.%": "0",
                            "vpc_security_group_ids.#": "2",
                            "vpc_security_group_ids.3039896433": "sg-a5f689c3",
                            "vpc_security_group_ids.856598024": "sg-4585fa23"
                        },
                        "meta": {
                            "e2bfb730-ecaa-11e6-8f88-34363bc7c4c0": {
                                "create": 600000000000,
                                "delete": 600000000000,
                                "update": 600000000000
                            },
                            "schema_version": "1"
                        },
                        "tainted": false
                    },
                    "deposed": [],
                    "provider": ""
                },
                "aws_instance.ec2.1": {
                    "type": "aws_instance",
                    "depends_on": [],
                    "primary": {
                        "id": "i-02d4cc281738efd37",
                        "attributes": {
                            "ami": "ami-563a1736",
                            "associate_public_ip_address": "false",
                            "availability_zone": "us-west-1c",
                            "disable_api_termination": "false",
                            "ebs_block_device.#": "0",
                            "ebs_optimized": "false",
                            "ephemeral_block_device.#": "0",
                            "iam_instance_profile": "EC2_General",
                            "id": "i-02d4cc281738efd37",
                            "instance_state": "running",
                            "instance_type": "t2.micro",
                            "ipv6_addresses.#": "0",
                            "key_name": "kpgw-prod",
                            "monitoring": "false",
                            "network_interface.#": "0",
                            "network_interface_id": "eni-b84873bb",
                            "primary_network_interface_id": "eni-b84873bb",
                            "private_dns": "ip-10-190-2-129.us-west-1.compute.internal",
                            "private_ip": "10.190.2.129",
                            "public_dns": "",
                            "public_ip": "",
                            "root_block_device.#": "1",
                            "root_block_device.0.delete_on_termination": "true",
                            "root_block_device.0.iops": "100",
                            "root_block_device.0.volume_size": "8",
                            "root_block_device.0.volume_type": "gp2",
                            "security_groups.#": "0",
                            "source_dest_check": "true",
                            "subnet_id": "subnet-7c0fe927",
                            "tags.%": "13",
                            "tags.Name": "was2-crp-uw1c-prod",
                            "tags.ansible": "yes",
                            "tags.configured": "ansible",
                            "tags.environment": "prod",
                            "tags.first_owner": "First Owner",
                            "tags.project": "kpgw",
                            "tags.provisioned": "terraform",
                            "tags.purpose": "crp-app",
                            "tags.role": "was",
                            "tags.second_owner": "Second Owner",
                            "tags.service": "crp",
                            "tags.time_frame": "7x24",
                            "tags.zone": "uw1c",
                            "tenancy": "default",
                            "user_data": "9acf505af5f41a91dd9f9f84538ee6e83def4542",
                            "volume_tags.%": "0",
                            "vpc_security_group_ids.#": "2",
                            "vpc_security_group_ids.3039896433": "sg-a5f689c3",
                            "vpc_security_group_ids.856598024": "sg-4585fa23"
                        },
                        "meta": {
                            "e2bfb730-ecaa-11e6-8f88-34363bc7c4c0": {
                                "create": 600000000000,
                                "delete": 600000000000,
                                "update": 600000000000
                            },
                            "schema_version": "1"
                        },
                        "tainted": false
                    },
                    "deposed": [],
                    "provider": ""
                }
            },
            "depends_on": []
        }
    ]
}
