{
    "version": 3,
    "terraform_version": "0.9.11",
    "serial": 3,
    "lineage": "c14ae053-951d-4509-99e7-ee2200963061",
    "modules": [
        {
            "path": [
                "root"
            ],
            "outputs": {},
            "resources": {
                "aws_emr_cluster.hbase": {
                    "type": "aws_emr_cluster",
                    "depends_on": [
                        "aws_emr_security_configuration.emr_sc_stg",
                        "data.terraform_remote_state.vpc"
                    ],
                    "primary": {
                        "id": "j-2LOHORSW90W4W",
                        "attributes": {
                            "applications.#": "2",
                            "applications.3006569794": "Hadoop",
                            "applications.3844903833": "Phoenix",
                            "autoscaling_role": "",
                            "bootstrap_action.#": "0",
                            "cluster_state": "WAITING",
                            "core_instance_count": "3",
                            "core_instance_type": "m4.large",
                            "ec2_attributes.#": "1",
                            "ec2_attributes.0.additional_master_security_groups": "sg-4585fa23",
                            "ec2_attributes.0.additional_slave_security_groups": "sg-4585fa23",
                            "ec2_attributes.0.emr_managed_master_security_group": "sg-8085fae6",
                            "ec2_attributes.0.emr_managed_slave_security_group": "sg-6d86f90b",
                            "ec2_attributes.0.instance_profile": "EMR_EC2_DefaultRole",
                            "ec2_attributes.0.key_name": "kpgw-emr-prod",
                            "ec2_attributes.0.service_access_security_group": "sg-1683fc70",
                            "ec2_attributes.0.subnet_id": "subnet-5e79a939",
                            "id": "j-2LOHORSW90W4W",
                            "keep_job_flow_alive_when_no_steps": "true",
                            "log_uri": "s3n://kpgw-prod/hbase/logs/",
                            "master_instance_type": "m4.large",
                            "master_public_dns": "ip-10-190-222-105.us-west-1.compute.internal",
                            "name": "gw-hbase",
                            "release_label": "emr-5.6.0",
                            "security_configuration": "gw_emr_sc_prod",
                            "service_role": "EMR_DefaultRole",
                            "tags.%": "6",
                            "tags.Name": "gw-hbase",
                            "tags.environment": "prod",
                            "tags.first_owner": "mingbo.sha",
                            "tags.project": "kpgw",
                            "tags.provisioned": "terraform",
                            "tags.second_owner": "none",
                            "termination_protection": "true",
                            "visible_to_all_users": "true"
                        },
                        "meta": {},
                        "tainted": false
                    },
                    "deposed": [],
                    "provider": ""
                },
                "aws_emr_cluster.spark": {
                    "type": "aws_emr_cluster",
                    "depends_on": [
                        "data.terraform_remote_state.vpc"
                    ],
                    "primary": {
                        "id": "j-NQXONFO5MSK7",
                        "attributes": {
                            "applications.#": "4",
                            "applications.1557323817": "Spark",
                            "applications.2430401924": "Ganglia",
                            "applications.3006569794": "Hadoop",
                            "applications.3998752014": "Hue",
                            "autoscaling_role": "",
                            "bootstrap_action.#": "0",
                            "cluster_state": "WAITING",
                            "configurations": "../../../conf/spark-conf.json",
                            "core_instance_count": "3",
                            "core_instance_type": "m4.large",
                            "ec2_attributes.#": "1",
                            "ec2_attributes.0.additional_master_security_groups": "sg-4585fa23",
                            "ec2_attributes.0.additional_slave_security_groups": "sg-4585fa23",
                            "ec2_attributes.0.emr_managed_master_security_group": "sg-8085fae6",
                            "ec2_attributes.0.emr_managed_slave_security_group": "sg-6d86f90b",
                            "ec2_attributes.0.instance_profile": "EMR_EC2_DefaultRole",
                            "ec2_attributes.0.key_name": "kpgw-emr-prod",
                            "ec2_attributes.0.service_access_security_group": "sg-1683fc70",
                            "ec2_attributes.0.subnet_id": "subnet-5e79a939",
                            "id": "j-NQXONFO5MSK7",
                            "keep_job_flow_alive_when_no_steps": "true",
                            "log_uri": "s3n://kpgw-prod/spark/logs/",
                            "master_instance_type": "m4.large",
                            "master_public_dns": "ip-10-190-222-228.us-west-1.compute.internal",
                            "name": "gw-spark",
                            "release_label": "emr-4.4.0",
                            "security_configuration": "",
                            "service_role": "EMR_DefaultRole",
                            "tags.%": "6",
                            "tags.Name": "gw-spark",
                            "tags.environment": "prod",
                            "tags.first_owner": "mingbo.sha",
                            "tags.project": "kpgw",
                            "tags.provisioned": "terraform",
                            "tags.second_owner": "none",
                            "termination_protection": "false",
                            "visible_to_all_users": "true"
                        },
                        "meta": {},
                        "tainted": false
                    },
                    "deposed": [],
                    "provider": ""
                },
                "aws_emr_security_configuration.emr_sc_stg": {
                    "type": "aws_emr_security_configuration",
                    "depends_on": [
                        "data.terraform_remote_state.kms"
                    ],
                    "primary": {
                        "id": "gw_emr_sc_prod",
                        "attributes": {
                            "configuration": "{\n  \"EncryptionConfiguration\": {\n    \"AtRestEncryptionConfiguration\": {\n      \"S3EncryptionConfiguration\": {\n        \"EncryptionMode\": \"SSE-S3\"\n      },\n      \"LocalDiskEncryptionConfiguration\": {\n        \"EncryptionKeyProviderType\": \"AwsKms\",\n        \"AwsKmsKey\": \"arn:aws:kms:us-west-1:060671536724:key/764944d9-a633-401e-af3e-23ad09beb5eb\"\n      }\n    },\n    \"EnableInTransitEncryption\": false,\n    \"EnableAtRestEncryption\": true\n  }\n}\n",
                            "id": "gw_emr_sc_prod",
                            "name": "gw_emr_sc_prod"
                        },
                        "meta": {},
                        "tainted": false
                    },
                    "deposed": [],
                    "provider": ""
                },
                "aws_key_pair.mod": {
                    "type": "aws_key_pair",
                    "depends_on": [
                        "data.terraform_remote_state.vpc"
                    ],
                    "primary": {
                        "id": "kpgw-emr-prod-local",
                        "attributes": {
                            "id": "kpgw-emr-prod-local",
                            "key_name": "kpgw-emr-prod-local",
                            "public_key": "ssh-rsa AAAAB3NzaC1yc2EAAAADAQABAAABAQDlWfYiPsrxzX6WXnmXrEG7VkP1EbXkjVLmEAVuQB69VK9CieLCVciv620vaOFYsYnJLnfcIGPk1agQz7ng2rFVTno+b3eJ6cKYuphCygkEkHkSIcsiKo95tVr3R/GF3bi/0nmnDwYwimd3DrC3Dy2rCXVbNI8N6bDnnEQ8JNqJQRU7g3rm529wbG1e/ZXBym5g5ZNk1Lkt3MO7vbD+gBLR2oMx67H+V8WZfofDfGtz0H9Xh/KBod6M1fxzeC+rB17Tr6vsFdJ2IbPnomxIY/cHsavuCYKUx1BDp6TztOyppPH/2VlHzNCOSp4h8iBSJmiwO8Q0S5n2jr2pf0Yp182t mohammed@mhmd-MacBook-Pro"
                        },
                        "meta": {
                            "schema_version": "1"
                        },
                        "tainted": false
                    },
                    "deposed": [],
                    "provider": ""
                },
                "aws_security_group_rule.phoenix": {
                    "type": "aws_security_group_rule",
                    "depends_on": [
                        "data.terraform_remote_state.crp",
                        "data.terraform_remote_state.vpc"
                    ],
                    "primary": {
                        "id": "sgrule-1205952677",
                        "attributes": {
                            "cidr_blocks.#": "0",
                            "from_port": "8765",
                            "id": "sgrule-1205952677",
                            "ipv6_cidr_blocks.#": "0",
                            "prefix_list_ids.#": "0",
                            "protocol": "tcp",
                            "security_group_id": "sg-8085fae6",
                            "self": "false",
                            "source_security_group_id": "sg-a5f689c3",
                            "to_port": "8765",
                            "type": "ingress"
                        },
                        "meta": {
                            "schema_version": "2"
                        },
                        "tainted": false
                    },
                    "deposed": [],
                    "provider": ""
                },
                "data.terraform_remote_state.crp": {
                    "type": "terraform_remote_state",
                    "depends_on": [],
                    "primary": {
                        "id": "2017-10-18 08:32:49.301791 +0000 UTC",
                        "attributes": {
                            "aws_elb_service_account_output": "arn:aws:iam::027434742980:root",
                            "backend": "s3",
                            "config.%": "5",
                            "config.bucket": "terraform-prod-us-west-1",
                            "config.dynamodb_table": "gw_prod_terraform_state",
                            "config.key": "terraform/state/prod/us-west-1/crp/terraform.tfstate",
                            "config.profile": "satish",
                            "config.region": "us-west-1",
                            "crp_was_sg_id": "sg-a5f689c3",
                            "crp_was_sg_name": "was-crp-prod-sg",
                            "environment": "default",
                            "id": "2017-10-18 08:32:49.301791 +0000 UTC"
                        },
                        "meta": {},
                        "tainted": false
                    },
                    "deposed": [],
                    "provider": ""
                },
                "data.terraform_remote_state.kms": {
                    "type": "terraform_remote_state",
                    "depends_on": [],
                    "primary": {
                        "id": "2017-10-18 08:32:48.362592 +0000 UTC",
                        "attributes": {
                            "backend": "s3",
                            "config.%": "5",
                            "config.bucket": "terraform-prod-us-west-1",
                            "config.dynamodb_table": "gw_prod_terraform_state",
                            "config.key": "terraform/state/prod/us-west-1/kms/terraform.tfstate",
                            "config.profile": "satish",
                            "config.region": "us-west-1",
                            "db_hdp_stg.arn": "arn:aws:kms:us-west-1:060671536724:key/764944d9-a633-401e-af3e-23ad09beb5eb",
                            "environment": "default",
                            "id": "2017-10-18 08:32:48.362592 +0000 UTC"
                        },
                        "meta": {},
                        "tainted": false
                    },
                    "deposed": [],
                    "provider": ""
                },
                "data.terraform_remote_state.vpc": {
                    "type": "terraform_remote_state",
                    "depends_on": [],
                    "primary": {
                        "id": "2017-10-18 08:32:49.127873 +0000 UTC",
                        "attributes": {
                            "backend": "s3",
                            "config.%": "5",
                            "config.bucket": "terraform-prod-us-west-1",
                            "config.dynamodb_table": "gw_prod_terraform_state",
                            "config.key": "terraform/state/prod/us-west-1/vpc/terraform.tfstate",
                            "config.profile": "satish",
                            "config.region": "us-west-1",
                            "emr_private_master_sg_id": "sg-8085fae6",
                            "emr_private_master_sg_name": "ElasticMapReduce-Master-Private",
                            "emr_private_slave_sg_id": "sg-6d86f90b",
                            "emr_private_slave_sg_name": "ElasticMapReduce-Slave-Private",
                            "emr_public_master_sg_id": "sg-cf84fba9",
                            "emr_public_master_sg_name": "ElasticMapReduce-Master",
                            "emr_public_slave_sg_id": "sg-ca84fbac",
                            "emr_public_slave_sg_name": "ElasticMapReduce-Slave",
                            "emr_service_access_sg_id": "sg-1683fc70",
                            "emr_service_access_sg_name": "ElasticMapReduce-ServiceAccess",
                            "emr_subnet_id": "subnet-5e79a939",
                            "environment": "default",
                            "id": "2017-10-18 08:32:49.127873 +0000 UTC",
                            "internal_zone_domain": "internal",
                            "internal_zone_id": "Z53CR1W7814AA",
                            "internal_zone_ns.#": "4",
                            "internal_zone_ns.0": "ns-0.awsdns-00.com.",
                            "internal_zone_ns.1": "ns-1024.awsdns-00.org.",
                            "internal_zone_ns.2": "ns-1536.awsdns-00.co.uk.",
                            "internal_zone_ns.3": "ns-512.awsdns-00.net.",
                            "vpc_azs.#": "2",
                            "vpc_azs.0": "us-west-1a",
                            "vpc_azs.1": "us-west-1c",
                            "vpc_bastion_public_dns.#": "1",
                            "vpc_bastion_public_dns.0": "ec2-54-183-86-246.us-west-1.compute.amazonaws.com",
                            "vpc_bastion_sg_id": "sg-7683fc10",
                            "vpc_cidr_block": "10.190.0.0/16",
                            "vpc_common_sg_id": "sg-4585fa23",
                            "vpc_common_sg_name": "kpgw-prod-common-sg",
                            "vpc_environment": "prod",
                            "vpc_id": "vpc-c2586ca6",
                            "vpc_igw_id": "igw-4069bd24",
                            "vpc_key_name": "kpgw-prod",
                            "vpc_nat_eips.#": "2",
                            "vpc_nat_eips.0": "eipalloc-698c7a54",
                            "vpc_nat_eips.1": "eipalloc-858c7ab8",
                            "vpc_nat_eips_public_ips.#": "2",
                            "vpc_nat_eips_public_ips.0": "52.9.185.139",
                            "vpc_nat_eips_public_ips.1": "13.57.81.190",
                            "vpc_natgw_ids.#": "2",
                            "vpc_natgw_ids.0": "nat-05b2d31268157fc92",
                            "vpc_natgw_ids.1": "nat-057079c35249e86b6",
                            "vpc_private_subnet_ids.#": "2",
                            "vpc_private_subnet_ids.0": "subnet-5f79a938",
                            "vpc_private_subnet_ids.1": "subnet-7c0fe927",
                            "vpc_project": "kpgw",
                            "vpc_public_subnet_ids.#": "2",
                            "vpc_public_subnet_ids.0": "subnet-ad7babca",
                            "vpc_public_subnet_ids.1": "subnet-580bed03",
                            "vpc_region": "us-west-1",
                            "vpc_zone_aliases.#": "2",
                            "vpc_zone_aliases.0": "uw1a",
                            "vpc_zone_aliases.1": "uw1c"
                        },
                        "meta": {},
                        "tainted": false
                    },
                    "deposed": [],
                    "provider": ""
                }
            },
            "depends_on": []
        }
    ]
}
