{
    "version": 3,
    "terraform_version": "0.9.11",
    "serial": 1,
    "lineage": "4c3372fb-5d62-47e7-9b88-b083478d3712",
    "modules": [
        {
            "path": [
                "root"
            ],
            "outputs": {
                "emr_private_master_sg_id": {
                    "sensitive": false,
                    "type": "string",
                    "value": "sg-8085fae6"
                },
                "emr_private_master_sg_name": {
                    "sensitive": false,
                    "type": "string",
                    "value": "ElasticMapReduce-Master-Private"
                },
                "emr_private_slave_sg_id": {
                    "sensitive": false,
                    "type": "string",
                    "value": "sg-6d86f90b"
                },
                "emr_private_slave_sg_name": {
                    "sensitive": false,
                    "type": "string",
                    "value": "ElasticMapReduce-Slave-Private"
                },
                "emr_public_master_sg_id": {
                    "sensitive": false,
                    "type": "string",
                    "value": "sg-cf84fba9"
                },
                "emr_public_master_sg_name": {
                    "sensitive": false,
                    "type": "string",
                    "value": "ElasticMapReduce-Master"
                },
                "emr_public_slave_sg_id": {
                    "sensitive": false,
                    "type": "string",
                    "value": "sg-ca84fbac"
                },
                "emr_public_slave_sg_name": {
                    "sensitive": false,
                    "type": "string",
                    "value": "ElasticMapReduce-Slave"
                },
                "emr_service_access_sg_id": {
                    "sensitive": false,
                    "type": "string",
                    "value": "sg-1683fc70"
                },
                "emr_service_access_sg_name": {
                    "sensitive": false,
                    "type": "string",
                    "value": "ElasticMapReduce-ServiceAccess"
                },
                "emr_subnet_id": {
                    "sensitive": false,
                    "type": "string",
                    "value": "subnet-5e79a939"
                },
                "internal_zone_domain": {
                    "sensitive": false,
                    "type": "string",
                    "value": "internal"
                },
                "internal_zone_id": {
                    "sensitive": false,
                    "type": "string",
                    "value": "Z53CR1W7814AA"
                },
                "internal_zone_ns": {
                    "sensitive": false,
                    "type": "list",
                    "value": [
                        "ns-0.awsdns-00.com.",
                        "ns-1024.awsdns-00.org.",
                        "ns-1536.awsdns-00.co.uk.",
                        "ns-512.awsdns-00.net."
                    ]
                },
                "vpc_azs": {
                    "sensitive": false,
                    "type": "list",
                    "value": [
                        "us-west-1a",
                        "us-west-1b"
                    ]
                },
                "vpc_bastion_sg_id": {
                    "sensitive": false,
                    "type": "string",
                    "value": "sg-7683fc10"
                },
                "vpc_cidr_block": {
                    "sensitive": false,
                    "type": "string",
                    "value": "10.190.0.0/16"
                },
                "vpc_common_sg_id": {
                    "sensitive": false,
                    "type": "string",
                    "value": "sg-4585fa23"
                },
                "vpc_common_sg_name": {
                    "sensitive": false,
                    "type": "string",
                    "value": "kpgw-prod-common-sg"
                },
                "vpc_environment": {
                    "sensitive": false,
                    "type": "string",
                    "value": "prod"
                },
                "vpc_id": {
                    "sensitive": false,
                    "type": "string",
                    "value": "vpc-c2586ca6"
                },
                "vpc_igw_id": {
                    "sensitive": false,
                    "type": "string",
                    "value": "igw-4069bd24"
                },
                "vpc_key_name": {
                    "sensitive": false,
                    "type": "string",
                    "value": "kpgw-prod"
                },
                "vpc_nat_eips": {
                    "sensitive": false,
                    "type": "list",
                    "value": [
                        "eipalloc-698c7a54",
                        "eipalloc-858c7ab8"
                    ]
                },
                "vpc_nat_eips_public_ips": {
                    "sensitive": false,
                    "type": "list",
                    "value": [
                        "52.9.185.139",
                        "13.57.81.190"
                    ]
                },
                "vpc_project": {
                    "sensitive": false,
                    "type": "string",
                    "value": "kpgw"
                },
                "vpc_region": {
                    "sensitive": false,
                    "type": "string",
                    "value": "us-west-1"
                },
                "vpc_zone_aliases": {
                    "sensitive": false,
                    "type": "list",
                    "value": [
                        "uw1a",
                        "uw1b"
                    ]
                }
            },
            "resources": {
                "aws_security_group.common": {
                    "type": "aws_security_group",
                    "depends_on": [
                        "module.vpc"
                    ],
                    "primary": {
                        "id": "sg-4585fa23",
                        "attributes": {
                            "description": "Managed by Terraform",
                            "egress.#": "0",
                            "id": "sg-4585fa23",
                            "ingress.#": "0",
                            "name": "kpgw-prod-common-sg",
                            "owner_id": "060671536724",
                            "tags.%": "3",
                            "tags.Name": "KPGW-PROD-COMMON-SG",
                            "tags.provisioned": "terraform",
                            "tags.role": "common",
                            "vpc_id": "vpc-c2586ca6"
                        },
                        "meta": {},
                        "tainted": false
                    },
                    "deposed": [],
                    "provider": ""
                },
                "aws_security_group_rule.ingress-common-ssh": {
                    "type": "aws_security_group_rule",
                    "depends_on": [
                        "aws_security_group.common"
                    ],
                    "primary": {
                        "id": "sgrule-1839395408",
                        "attributes": {
                            "cidr_blocks.#": "1",
                            "cidr_blocks.0": "10.190.0.0/16",
                            "from_port": "22",
                            "id": "sgrule-1839395408",
                            "protocol": "tcp",
                            "security_group_id": "sg-4585fa23",
                            "self": "false",
                            "to_port": "22",
                            "type": "ingress"
                        },
                        "meta": {
                            "schema_version": "2"
                        },
                        "tainted": false
                    },
                    "deposed": [],
                    "provider": ""
                }
            },
            "depends_on": []
        },
        {
            "path": [
                "root",
                "bastion"
            ],
            "outputs": {},
            "resources": {},
            "depends_on": []
        },
        {
            "path": [
                "root",
                "emr-setup"
            ],
            "outputs": {
                "emr_private_master_sg_id": {
                    "sensitive": false,
                    "type": "string",
                    "value": "sg-8085fae6"
                },
                "emr_private_master_sg_name": {
                    "sensitive": false,
                    "type": "string",
                    "value": "ElasticMapReduce-Master-Private"
                },
                "emr_private_slave_sg_id": {
                    "sensitive": false,
                    "type": "string",
                    "value": "sg-6d86f90b"
                },
                "emr_private_slave_sg_name": {
                    "sensitive": false,
                    "type": "string",
                    "value": "ElasticMapReduce-Slave-Private"
                },
                "emr_public_master_sg_id": {
                    "sensitive": false,
                    "type": "string",
                    "value": "sg-cf84fba9"
                },
                "emr_public_master_sg_name": {
                    "sensitive": false,
                    "type": "string",
                    "value": "ElasticMapReduce-Master"
                },
                "emr_public_slave_sg_id": {
                    "sensitive": false,
                    "type": "string",
                    "value": "sg-ca84fbac"
                },
                "emr_public_slave_sg_name": {
                    "sensitive": false,
                    "type": "string",
                    "value": "ElasticMapReduce-Slave"
                },
                "emr_route_table_id": {
                    "sensitive": false,
                    "type": "string",
                    "value": "rtb-34c90853"
                },
                "emr_service_access_sg_id": {
                    "sensitive": false,
                    "type": "string",
                    "value": "sg-1683fc70"
                },
                "emr_service_access_sg_name": {
                    "sensitive": false,
                    "type": "string",
                    "value": "ElasticMapReduce-ServiceAccess"
                },
                "emr_subnet_id": {
                    "sensitive": false,
                    "type": "string",
                    "value": "subnet-5e79a939"
                }
            },
            "resources": {
                "aws_route_table.emr": {
                    "type": "aws_route_table",
                    "depends_on": [],
                    "primary": {
                        "id": "rtb-34c90853",
                        "attributes": {
                            "id": "rtb-34c90853",
                            "propagating_vgws.#": "0",
                            "route.#": "0",
                            "tags.%": "4",
                            "tags.Name": "rt-emr-a",
                            "tags.environment": "prod",
                            "tags.project": "kpgw",
                            "tags.provisioned": "terraform",
                            "vpc_id": "vpc-c2586ca6"
                        },
                        "meta": {},
                        "tainted": false
                    },
                    "deposed": [],
                    "provider": ""
                },
                "aws_route_table_association.emr": {
                    "type": "aws_route_table_association",
                    "depends_on": [
                        "aws_route_table.emr",
                        "aws_subnet.emr"
                    ],
                    "primary": {
                        "id": "rtbassoc-20af8a47",
                        "attributes": {
                            "id": "rtbassoc-20af8a47",
                            "route_table_id": "rtb-34c90853",
                            "subnet_id": "subnet-5e79a939"
                        },
                        "meta": {},
                        "tainted": false
                    },
                    "deposed": [],
                    "provider": ""
                },
                "aws_security_group.private-master": {
                    "type": "aws_security_group",
                    "depends_on": [],
                    "primary": {
                        "id": "sg-8085fae6",
                        "attributes": {
                            "description": "Master group for Elastic MapReduce",
                            "egress.#": "0",
                            "id": "sg-8085fae6",
                            "ingress.#": "0",
                            "name": "ElasticMapReduce-Master-Private",
                            "owner_id": "060671536724",
                            "tags.%": "7",
                            "tags.Name": "ElasticMapReduce-Master-Private",
                            "tags.environment": "prod",
                            "tags.project": "kpgw",
                            "tags.provisioned": "terraform",
                            "tags.purpose": "Server firewall rules for EMR-kpgw",
                            "tags.role": "EMR",
                            "tags.service": "kpgw",
                            "vpc_id": "vpc-c2586ca6"
                        },
                        "meta": {},
                        "tainted": false
                    },
                    "deposed": [],
                    "provider": ""
                },
                "aws_security_group.private-slave": {
                    "type": "aws_security_group",
                    "depends_on": [],
                    "primary": {
                        "id": "sg-6d86f90b",
                        "attributes": {
                            "description": "Slave Private group for Elastic MapReduce",
                            "egress.#": "0",
                            "id": "sg-6d86f90b",
                            "ingress.#": "0",
                            "name": "ElasticMapReduce-Slave-Private",
                            "owner_id": "060671536724",
                            "tags.%": "9",
                            "tags.Name": "ElasticMapReduce-Slave-Private",
                            "tags.environment": "prod",
                            "tags.first_owner": "EMR",
                            "tags.project": "kpgw",
                            "tags.provisioned": "terraform",
                            "tags.purpose": "Server firewall rules for EMR-kpgw",
                            "tags.role": "EMR",
                            "tags.second_owner": "EMR",
                            "tags.service": "kpgw",
                            "vpc_id": "vpc-c2586ca6"
                        },
                        "meta": {},
                        "tainted": false
                    },
                    "deposed": [],
                    "provider": ""
                },
                "aws_security_group.public-master": {
                    "type": "aws_security_group",
                    "depends_on": [],
                    "primary": {
                        "id": "sg-cf84fba9",
                        "attributes": {
                            "description": "Master group for Elastic MapReduce",
                            "egress.#": "0",
                            "id": "sg-cf84fba9",
                            "ingress.#": "0",
                            "name": "ElasticMapReduce-Master",
                            "owner_id": "060671536724",
                            "tags.%": "9",
                            "tags.Name": "ElasticMapReduce-Master",
                            "tags.environment": "prod",
                            "tags.first_owner": "prod",
                            "tags.project": "kpgw",
                            "tags.provisioned": "terraform",
                            "tags.purpose": "Server firewall rules for EMR-kpgw",
                            "tags.role": "EMR",
                            "tags.second_owner": "EMR",
                            "tags.service": "kpgw",
                            "vpc_id": "vpc-c2586ca6"
                        },
                        "meta": {},
                        "tainted": false
                    },
                    "deposed": [],
                    "provider": ""
                },
                "aws_security_group.public-slave": {
                    "type": "aws_security_group",
                    "depends_on": [],
                    "primary": {
                        "id": "sg-ca84fbac",
                        "attributes": {
                            "description": "Slave group for Elastic MapReduce",
                            "egress.#": "0",
                            "id": "sg-ca84fbac",
                            "ingress.#": "0",
                            "name": "ElasticMapReduce-Slave",
                            "owner_id": "060671536724",
                            "tags.%": "9",
                            "tags.Name": "ElasticMapReduce-Slave",
                            "tags.environment": "prod",
                            "tags.first_owner": "EMR",
                            "tags.project": "kpgw",
                            "tags.provisioned": "terraform",
                            "tags.purpose": "Server firewall rules for EMR-kpgw",
                            "tags.role": "EMR",
                            "tags.second_owner": "EMR",
                            "tags.service": "kpgw",
                            "vpc_id": "vpc-c2586ca6"
                        },
                        "meta": {},
                        "tainted": false
                    },
                    "deposed": [],
                    "provider": ""
                },
                "aws_security_group.service-access": {
                    "type": "aws_security_group",
                    "depends_on": [],
                    "primary": {
                        "id": "sg-1683fc70",
                        "attributes": {
                            "description": "Service Access group for Elastic MapReduce",
                            "egress.#": "0",
                            "id": "sg-1683fc70",
                            "ingress.#": "0",
                            "name": "ElasticMapReduce-ServiceAccess",
                            "owner_id": "060671536724",
                            "tags.%": "9",
                            "tags.Name": "ElasticMapReduce-ServiceAccess",
                            "tags.environment": "prod",
                            "tags.first_owner": "prod",
                            "tags.project": "kpgw",
                            "tags.provisioned": "terraform",
                            "tags.purpose": "Server firewall rules for EMR-kpgw",
                            "tags.role": "EMR",
                            "tags.second_owner": "EMR",
                            "tags.service": "kpgw",
                            "vpc_id": "vpc-c2586ca6"
                        },
                        "meta": {},
                        "tainted": false
                    },
                    "deposed": [],
                    "provider": ""
                },
                "aws_security_group_rule.master-service-access-egress-8443": {
                    "type": "aws_security_group_rule",
                    "depends_on": [
                        "aws_security_group.private-master",
                        "aws_security_group.service-access"
                    ],
                    "primary": {
                        "id": "sgrule-1718197263",
                        "attributes": {
                            "from_port": "8443",
                            "id": "sgrule-1718197263",
                            "protocol": "tcp",
                            "security_group_id": "sg-1683fc70",
                            "self": "false",
                            "source_security_group_id": "sg-8085fae6",
                            "to_port": "8443",
                            "type": "egress"
                        },
                        "meta": {
                            "schema_version": "2"
                        },
                        "tainted": false
                    },
                    "deposed": [],
                    "provider": ""
                },
                "aws_security_group_rule.master-to-master-private-ingress-icmp": {
                    "type": "aws_security_group_rule",
                    "depends_on": [
                        "aws_security_group.private-master"
                    ],
                    "primary": {
                        "id": "sgrule-3205787711",
                        "attributes": {
                            "from_port": "-1",
                            "id": "sgrule-3205787711",
                            "protocol": "icmp",
                            "security_group_id": "sg-8085fae6",
                            "self": "false",
                            "source_security_group_id": "sg-8085fae6",
                            "to_port": "-1",
                            "type": "ingress"
                        },
                        "meta": {
                            "schema_version": "2"
                        },
                        "tainted": false
                    },
                    "deposed": [],
                    "provider": ""
                },
                "aws_security_group_rule.master-to-master-private-ingress-tcp-all": {
                    "type": "aws_security_group_rule",
                    "depends_on": [
                        "aws_security_group.private-master"
                    ],
                    "primary": {
                        "id": "sgrule-3361382526",
                        "attributes": {
                            "from_port": "0",
                            "id": "sgrule-3361382526",
                            "protocol": "tcp",
                            "security_group_id": "sg-8085fae6",
                            "self": "false",
                            "source_security_group_id": "sg-8085fae6",
                            "to_port": "65535",
                            "type": "ingress"
                        },
                        "meta": {
                            "schema_version": "2"
                        },
                        "tainted": false
                    },
                    "deposed": [],
                    "provider": ""
                },
                "aws_security_group_rule.master-to-master-private-ingress-udp-all": {
                    "type": "aws_security_group_rule",
                    "depends_on": [
                        "aws_security_group.private-master"
                    ],
                    "primary": {
                        "id": "sgrule-1556678407",
                        "attributes": {
                            "from_port": "0",
                            "id": "sgrule-1556678407",
                            "protocol": "udp",
                            "security_group_id": "sg-8085fae6",
                            "self": "false",
                            "source_security_group_id": "sg-8085fae6",
                            "to_port": "65535",
                            "type": "ingress"
                        },
                        "meta": {
                            "schema_version": "2"
                        },
                        "tainted": false
                    },
                    "deposed": [],
                    "provider": ""
                },
                "aws_security_group_rule.master-to-master-public-ingress-icmp": {
                    "type": "aws_security_group_rule",
                    "depends_on": [
                        "aws_security_group.public-master"
                    ],
                    "primary": {
                        "id": "sgrule-4083521547",
                        "attributes": {
                            "from_port": "-1",
                            "id": "sgrule-4083521547",
                            "protocol": "icmp",
                            "security_group_id": "sg-cf84fba9",
                            "self": "false",
                            "source_security_group_id": "sg-cf84fba9",
                            "to_port": "-1",
                            "type": "ingress"
                        },
                        "meta": {
                            "schema_version": "2"
                        },
                        "tainted": false
                    },
                    "deposed": [],
                    "provider": ""
                },
                "aws_security_group_rule.master-to-master-public-ingress-tcp-all": {
                    "type": "aws_security_group_rule",
                    "depends_on": [
                        "aws_security_group.public-master"
                    ],
                    "primary": {
                        "id": "sgrule-3630188519",
                        "attributes": {
                            "from_port": "0",
                            "id": "sgrule-3630188519",
                            "protocol": "tcp",
                            "security_group_id": "sg-cf84fba9",
                            "self": "false",
                            "source_security_group_id": "sg-cf84fba9",
                            "to_port": "65535",
                            "type": "ingress"
                        },
                        "meta": {
                            "schema_version": "2"
                        },
                        "tainted": false
                    },
                    "deposed": [],
                    "provider": ""
                },
                "aws_security_group_rule.master-to-master-public-ingress-udp-all": {
                    "type": "aws_security_group_rule",
                    "depends_on": [
                        "aws_security_group.public-master"
                    ],
                    "primary": {
                        "id": "sgrule-1291051166",
                        "attributes": {
                            "from_port": "0",
                            "id": "sgrule-1291051166",
                            "protocol": "udp",
                            "security_group_id": "sg-cf84fba9",
                            "self": "false",
                            "source_security_group_id": "sg-cf84fba9",
                            "to_port": "65535",
                            "type": "ingress"
                        },
                        "meta": {
                            "schema_version": "2"
                        },
                        "tainted": false
                    },
                    "deposed": [],
                    "provider": ""
                },
                "aws_security_group_rule.master-to-slave-private-ingress-icmp": {
                    "type": "aws_security_group_rule",
                    "depends_on": [
                        "aws_security_group.private-master",
                        "aws_security_group.private-slave"
                    ],
                    "primary": {
                        "id": "sgrule-3041011336",
                        "attributes": {
                            "from_port": "-1",
                            "id": "sgrule-3041011336",
                            "protocol": "icmp",
                            "security_group_id": "sg-6d86f90b",
                            "self": "false",
                            "source_security_group_id": "sg-8085fae6",
                            "to_port": "-1",
                            "type": "ingress"
                        },
                        "meta": {
                            "schema_version": "2"
                        },
                        "tainted": false
                    },
                    "deposed": [],
                    "provider": ""
                },
                "aws_security_group_rule.master-to-slave-private-ingress-tcp-all": {
                    "type": "aws_security_group_rule",
                    "depends_on": [
                        "aws_security_group.private-master",
                        "aws_security_group.private-slave"
                    ],
                    "primary": {
                        "id": "sgrule-369467020",
                        "attributes": {
                            "from_port": "0",
                            "id": "sgrule-369467020",
                            "protocol": "tcp",
                            "security_group_id": "sg-6d86f90b",
                            "self": "false",
                            "source_security_group_id": "sg-8085fae6",
                            "to_port": "65535",
                            "type": "ingress"
                        },
                        "meta": {
                            "schema_version": "2"
                        },
                        "tainted": false
                    },
                    "deposed": [],
                    "provider": ""
                },
                "aws_security_group_rule.master-to-slave-private-ingress-udp-all": {
                    "type": "aws_security_group_rule",
                    "depends_on": [
                        "aws_security_group.private-master",
                        "aws_security_group.private-slave"
                    ],
                    "primary": {
                        "id": "sgrule-2190883317",
                        "attributes": {
                            "from_port": "0",
                            "id": "sgrule-2190883317",
                            "protocol": "udp",
                            "security_group_id": "sg-6d86f90b",
                            "self": "false",
                            "source_security_group_id": "sg-8085fae6",
                            "to_port": "65535",
                            "type": "ingress"
                        },
                        "meta": {
                            "schema_version": "2"
                        },
                        "tainted": false
                    },
                    "deposed": [],
                    "provider": ""
                },
                "aws_security_group_rule.master-to-slave-public-ingress-icmp": {
                    "type": "aws_security_group_rule",
                    "depends_on": [
                        "aws_security_group.public-master",
                        "aws_security_group.public-slave"
                    ],
                    "primary": {
                        "id": "sgrule-1947118539",
                        "attributes": {
                            "from_port": "-1",
                            "id": "sgrule-1947118539",
                            "protocol": "icmp",
                            "security_group_id": "sg-ca84fbac",
                            "self": "false",
                            "source_security_group_id": "sg-cf84fba9",
                            "to_port": "-1",
                            "type": "ingress"
                        },
                        "meta": {
                            "schema_version": "2"
                        },
                        "tainted": false
                    },
                    "deposed": [],
                    "provider": ""
                },
                "aws_security_group_rule.master-to-slave-public-ingress-tcp-all": {
                    "type": "aws_security_group_rule",
                    "depends_on": [
                        "aws_security_group.public-master",
                        "aws_security_group.public-slave"
                    ],
                    "primary": {
                        "id": "sgrule-3819688510",
                        "attributes": {
                            "from_port": "0",
                            "id": "sgrule-3819688510",
                            "protocol": "tcp",
                            "security_group_id": "sg-ca84fbac",
                            "self": "false",
                            "source_security_group_id": "sg-cf84fba9",
                            "to_port": "65535",
                            "type": "ingress"
                        },
                        "meta": {
                            "schema_version": "2"
                        },
                        "tainted": false
                    },
                    "deposed": [],
                    "provider": ""
                },
                "aws_security_group_rule.master-to-slave-public-ingress-udp-all": {
                    "type": "aws_security_group_rule",
                    "depends_on": [
                        "aws_security_group.public-master",
                        "aws_security_group.public-slave"
                    ],
                    "primary": {
                        "id": "sgrule-2000188743",
                        "attributes": {
                            "from_port": "0",
                            "id": "sgrule-2000188743",
                            "protocol": "udp",
                            "security_group_id": "sg-ca84fbac",
                            "self": "false",
                            "source_security_group_id": "sg-cf84fba9",
                            "to_port": "65535",
                            "type": "ingress"
                        },
                        "meta": {
                            "schema_version": "2"
                        },
                        "tainted": false
                    },
                    "deposed": [],
                    "provider": ""
                },
                "aws_security_group_rule.private-master-egress-all": {
                    "type": "aws_security_group_rule",
                    "depends_on": [
                        "aws_security_group.private-master"
                    ],
                    "primary": {
                        "id": "sgrule-1676770683",
                        "attributes": {
                            "cidr_blocks.#": "1",
                            "cidr_blocks.0": "0.0.0.0/0",
                            "from_port": "0",
                            "id": "sgrule-1676770683",
                            "protocol": "-1",
                            "security_group_id": "sg-8085fae6",
                            "self": "false",
                            "to_port": "0",
                            "type": "egress"
                        },
                        "meta": {
                            "schema_version": "2"
                        },
                        "tainted": false
                    },
                    "deposed": [],
                    "provider": ""
                },
                "aws_security_group_rule.private-slave-egress-all": {
                    "type": "aws_security_group_rule",
                    "depends_on": [
                        "aws_security_group.private-slave"
                    ],
                    "primary": {
                        "id": "sgrule-4124668119",
                        "attributes": {
                            "cidr_blocks.#": "1",
                            "cidr_blocks.0": "0.0.0.0/0",
                            "from_port": "0",
                            "id": "sgrule-4124668119",
                            "protocol": "-1",
                            "security_group_id": "sg-6d86f90b",
                            "self": "false",
                            "to_port": "0",
                            "type": "egress"
                        },
                        "meta": {
                            "schema_version": "2"
                        },
                        "tainted": false
                    },
                    "deposed": [],
                    "provider": ""
                },
                "aws_security_group_rule.public-master-egress-all": {
                    "type": "aws_security_group_rule",
                    "depends_on": [
                        "aws_security_group.public-master"
                    ],
                    "primary": {
                        "id": "sgrule-2282049237",
                        "attributes": {
                            "cidr_blocks.#": "1",
                            "cidr_blocks.0": "0.0.0.0/0",
                            "from_port": "0",
                            "id": "sgrule-2282049237",
                            "protocol": "-1",
                            "security_group_id": "sg-cf84fba9",
                            "self": "false",
                            "to_port": "0",
                            "type": "egress"
                        },
                        "meta": {
                            "schema_version": "2"
                        },
                        "tainted": false
                    },
                    "deposed": [],
                    "provider": ""
                },
                "aws_security_group_rule.public-slave-egress-all": {
                    "type": "aws_security_group_rule",
                    "depends_on": [
                        "aws_security_group.public-slave"
                    ],
                    "primary": {
                        "id": "sgrule-2024160128",
                        "attributes": {
                            "cidr_blocks.#": "1",
                            "cidr_blocks.0": "0.0.0.0/0",
                            "from_port": "0",
                            "id": "sgrule-2024160128",
                            "protocol": "-1",
                            "security_group_id": "sg-ca84fbac",
                            "self": "false",
                            "to_port": "0",
                            "type": "egress"
                        },
                        "meta": {
                            "schema_version": "2"
                        },
                        "tainted": false
                    },
                    "deposed": [],
                    "provider": ""
                },
                "aws_security_group_rule.slave-service-access-iegress-8443": {
                    "type": "aws_security_group_rule",
                    "depends_on": [
                        "aws_security_group.private-slave",
                        "aws_security_group.service-access"
                    ],
                    "primary": {
                        "id": "sgrule-4193475501",
                        "attributes": {
                            "from_port": "8443",
                            "id": "sgrule-4193475501",
                            "protocol": "tcp",
                            "security_group_id": "sg-1683fc70",
                            "self": "false",
                            "source_security_group_id": "sg-6d86f90b",
                            "to_port": "8443",
                            "type": "egress"
                        },
                        "meta": {
                            "schema_version": "2"
                        },
                        "tainted": false
                    },
                    "deposed": [],
                    "provider": ""
                },
                "aws_security_group_rule.slave-to-master-private-ingress-icmp": {
                    "type": "aws_security_group_rule",
                    "depends_on": [
                        "aws_security_group.private-master",
                        "aws_security_group.private-slave"
                    ],
                    "primary": {
                        "id": "sgrule-546224029",
                        "attributes": {
                            "from_port": "-1",
                            "id": "sgrule-546224029",
                            "protocol": "icmp",
                            "security_group_id": "sg-8085fae6",
                            "self": "false",
                            "source_security_group_id": "sg-6d86f90b",
                            "to_port": "-1",
                            "type": "ingress"
                        },
                        "meta": {
                            "schema_version": "2"
                        },
                        "tainted": false
                    },
                    "deposed": [],
                    "provider": ""
                },
                "aws_security_group_rule.slave-to-master-private-ingress-tcp-all": {
                    "type": "aws_security_group_rule",
                    "depends_on": [
                        "aws_security_group.private-master",
                        "aws_security_group.private-slave"
                    ],
                    "primary": {
                        "id": "sgrule-1472227292",
                        "attributes": {
                            "from_port": "0",
                            "id": "sgrule-1472227292",
                            "protocol": "tcp",
                            "security_group_id": "sg-8085fae6",
                            "self": "false",
                            "source_security_group_id": "sg-6d86f90b",
                            "to_port": "65535",
                            "type": "ingress"
                        },
                        "meta": {
                            "schema_version": "2"
                        },
                        "tainted": false
                    },
                    "deposed": [],
                    "provider": ""
                },
                "aws_security_group_rule.slave-to-master-private-ingress-udp-all": {
                    "type": "aws_security_group_rule",
                    "depends_on": [
                        "aws_security_group.private-master",
                        "aws_security_group.private-slave"
                    ],
                    "primary": {
                        "id": "sgrule-3277045925",
                        "attributes": {
                            "from_port": "0",
                            "id": "sgrule-3277045925",
                            "protocol": "udp",
                            "security_group_id": "sg-8085fae6",
                            "self": "false",
                            "source_security_group_id": "sg-6d86f90b",
                            "to_port": "65535",
                            "type": "ingress"
                        },
                        "meta": {
                            "schema_version": "2"
                        },
                        "tainted": false
                    },
                    "deposed": [],
                    "provider": ""
                },
                "aws_security_group_rule.slave-to-master-public-ingress-icmp": {
                    "type": "aws_security_group_rule",
                    "depends_on": [
                        "aws_security_group.public-master",
                        "aws_security_group.public-slave"
                    ],
                    "primary": {
                        "id": "sgrule-4130299556",
                        "attributes": {
                            "from_port": "-1",
                            "id": "sgrule-4130299556",
                            "protocol": "icmp",
                            "security_group_id": "sg-cf84fba9",
                            "self": "false",
                            "source_security_group_id": "sg-ca84fbac",
                            "to_port": "-1",
                            "type": "ingress"
                        },
                        "meta": {
                            "schema_version": "2"
                        },
                        "tainted": false
                    },
                    "deposed": [],
                    "provider": ""
                },
                "aws_security_group_rule.slave-to-master-public-ingress-tcp-all": {
                    "type": "aws_security_group_rule",
                    "depends_on": [
                        "aws_security_group.public-master",
                        "aws_security_group.public-slave"
                    ],
                    "primary": {
                        "id": "sgrule-3710550344",
                        "attributes": {
                            "from_port": "0",
                            "id": "sgrule-3710550344",
                            "protocol": "tcp",
                            "security_group_id": "sg-cf84fba9",
                            "self": "false",
                            "source_security_group_id": "sg-ca84fbac",
                            "to_port": "65535",
                            "type": "ingress"
                        },
                        "meta": {
                            "schema_version": "2"
                        },
                        "tainted": false
                    },
                    "deposed": [],
                    "provider": ""
                },
                "aws_security_group_rule.slave-to-master-public-ingress-udp-all": {
                    "type": "aws_security_group_rule",
                    "depends_on": [
                        "aws_security_group.public-master",
                        "aws_security_group.public-slave"
                    ],
                    "primary": {
                        "id": "sgrule-1236870705",
                        "attributes": {
                            "from_port": "0",
                            "id": "sgrule-1236870705",
                            "protocol": "udp",
                            "security_group_id": "sg-cf84fba9",
                            "self": "false",
                            "source_security_group_id": "sg-ca84fbac",
                            "to_port": "65535",
                            "type": "ingress"
                        },
                        "meta": {
                            "schema_version": "2"
                        },
                        "tainted": false
                    },
                    "deposed": [],
                    "provider": ""
                },
                "aws_security_group_rule.slave-to-slave-private-ingress-icmp": {
                    "type": "aws_security_group_rule",
                    "depends_on": [
                        "aws_security_group.private-slave"
                    ],
                    "primary": {
                        "id": "sgrule-718856490",
                        "attributes": {
                            "from_port": "-1",
                            "id": "sgrule-718856490",
                            "protocol": "icmp",
                            "security_group_id": "sg-6d86f90b",
                            "self": "false",
                            "source_security_group_id": "sg-6d86f90b",
                            "to_port": "-1",
                            "type": "ingress"
                        },
                        "meta": {
                            "schema_version": "2"
                        },
                        "tainted": false
                    },
                    "deposed": [],
                    "provider": ""
                },
                "aws_security_group_rule.slave-to-slave-private-ingress-tcp-all": {
                    "type": "aws_security_group_rule",
                    "depends_on": [
                        "aws_security_group.private-slave"
                    ],
                    "primary": {
                        "id": "sgrule-2308921646",
                        "attributes": {
                            "from_port": "0",
                            "id": "sgrule-2308921646",
                            "protocol": "tcp",
                            "security_group_id": "sg-6d86f90b",
                            "self": "false",
                            "source_security_group_id": "sg-6d86f90b",
                            "to_port": "65535",
                            "type": "ingress"
                        },
                        "meta": {
                            "schema_version": "2"
                        },
                        "tainted": false
                    },
                    "deposed": [],
                    "provider": ""
                },
                "aws_security_group_rule.slave-to-slave-private-ingress-udp-all": {
                    "type": "aws_security_group_rule",
                    "depends_on": [
                        "aws_security_group.private-slave"
                    ],
                    "primary": {
                        "id": "sgrule-487390807",
                        "attributes": {
                            "from_port": "0",
                            "id": "sgrule-487390807",
                            "protocol": "udp",
                            "security_group_id": "sg-6d86f90b",
                            "self": "false",
                            "source_security_group_id": "sg-6d86f90b",
                            "to_port": "65535",
                            "type": "ingress"
                        },
                        "meta": {
                            "schema_version": "2"
                        },
                        "tainted": false
                    },
                    "deposed": [],
                    "provider": ""
                },
                "aws_security_group_rule.slave-to-slave-public-ingress-icmp": {
                    "type": "aws_security_group_rule",
                    "depends_on": [
                        "aws_security_group.public-slave"
                    ],
                    "primary": {
                        "id": "sgrule-1900309860",
                        "attributes": {
                            "from_port": "-1",
                            "id": "sgrule-1900309860",
                            "protocol": "icmp",
                            "security_group_id": "sg-ca84fbac",
                            "self": "false",
                            "source_security_group_id": "sg-ca84fbac",
                            "to_port": "-1",
                            "type": "ingress"
                        },
                        "meta": {
                            "schema_version": "2"
                        },
                        "tainted": false
                    },
                    "deposed": [],
                    "provider": ""
                },
                "aws_security_group_rule.slave-to-slave-public-ingress-tcp-all": {
                    "type": "aws_security_group_rule",
                    "depends_on": [
                        "aws_security_group.public-slave"
                    ],
                    "primary": {
                        "id": "sgrule-3873510545",
                        "attributes": {
                            "from_port": "0",
                            "id": "sgrule-3873510545",
                            "protocol": "tcp",
                            "security_group_id": "sg-ca84fbac",
                            "self": "false",
                            "source_security_group_id": "sg-ca84fbac",
                            "to_port": "65535",
                            "type": "ingress"
                        },
                        "meta": {
                            "schema_version": "2"
                        },
                        "tainted": false
                    },
                    "deposed": [],
                    "provider": ""
                },
                "aws_security_group_rule.slave-to-slave-public-ingress-udp-all": {
                    "type": "aws_security_group_rule",
                    "depends_on": [
                        "aws_security_group.public-slave"
                    ],
                    "primary": {
                        "id": "sgrule-1920119784",
                        "attributes": {
                            "from_port": "0",
                            "id": "sgrule-1920119784",
                            "protocol": "udp",
                            "security_group_id": "sg-ca84fbac",
                            "self": "false",
                            "source_security_group_id": "sg-ca84fbac",
                            "to_port": "65535",
                            "type": "ingress"
                        },
                        "meta": {
                            "schema_version": "2"
                        },
                        "tainted": false
                    },
                    "deposed": [],
                    "provider": ""
                },
                "aws_subnet.emr": {
                    "type": "aws_subnet",
                    "depends_on": [],
                    "primary": {
                        "id": "subnet-5e79a939",
                        "attributes": {
                            "assign_ipv6_address_on_creation": "false",
                            "availability_zone": "us-west-1a",
                            "cidr_block": "10.190.222.0/24",
                            "id": "subnet-5e79a939",
                            "map_public_ip_on_launch": "false",
                            "tags.%": "4",
                            "tags.Name": "net-emr-a",
                            "tags.environment": "prod",
                            "tags.project": "kpgw",
                            "tags.provisioned": "terraform",
                            "vpc_id": "vpc-c2586ca6"
                        },
                        "meta": {
                            "schema_version": "1"
                        },
                        "tainted": false
                    },
                    "deposed": [],
                    "provider": ""
                }
            },
            "depends_on": []
        },
        {
            "path": [
                "root",
                "vpc"
            ],
            "outputs": {
                "bastion_security_group_id": {
                    "sensitive": false,
                    "type": "string",
                    "value": "sg-7683fc10"
                },
                "bastion_security_group_name": {
                    "sensitive": false,
                    "type": "string",
                    "value": "KPGW-PROD-BASTION"
                },
                "ec2_key_name": {
                    "sensitive": false,
                    "type": "string",
                    "value": "kpgw-prod"
                },
                "haproxy_route_table_ids": {
                    "sensitive": false,
                    "type": "list",
                    "value": [
                        "rtb-b1c809d6",
                        "rtb-dfca0bb8"
                    ]
                },
                "igw_id": {
                    "sensitive": false,
                    "type": "string",
                    "value": "igw-4069bd24"
                },
                "nat_eips": {
                    "sensitive": false,
                    "type": "list",
                    "value": [
                        "eipalloc-698c7a54",
                        "eipalloc-858c7ab8"
                    ]
                },
                "nat_eips_public_ips": {
                    "sensitive": false,
                    "type": "list",
                    "value": [
                        "52.9.185.139",
                        "13.57.81.190"
                    ]
                },
                "private_route_table_ids": {
                    "sensitive": false,
                    "type": "list",
                    "value": [
                        "rtb-36c90851",
                        "rtb-2ccb0a4b"
                    ]
                },
                "public_route_table_ids": {
                    "sensitive": false,
                    "type": "list",
                    "value": [
                        "rtb-a4c908c3"
                    ]
                },
                "r53_internal_zone_domain": {
                    "sensitive": false,
                    "type": "string",
                    "value": "internal"
                },
                "r53_internal_zone_id": {
                    "sensitive": false,
                    "type": "string",
                    "value": "Z53CR1W7814AA"
                },
                "r53_internal_zone_ns": {
                    "sensitive": false,
                    "type": "list",
                    "value": [
                        "ns-0.awsdns-00.com.",
                        "ns-1024.awsdns-00.org.",
                        "ns-1536.awsdns-00.co.uk.",
                        "ns-512.awsdns-00.net."
                    ]
                },
                "vpc_azs": {
                    "sensitive": false,
                    "type": "list",
                    "value": [
                        "us-west-1a",
                        "us-west-1b"
                    ]
                },
                "vpc_cidr_block": {
                    "sensitive": false,
                    "type": "string",
                    "value": "10.190.0.0/16"
                },
                "vpc_default_security_group_id": {
                    "sensitive": false,
                    "type": "string",
                    "value": "sg-6186f907"
                },
                "vpc_default_security_group_name": {
                    "sensitive": false,
                    "type": "string",
                    "value": "default"
                },
                "vpc_id": {
                    "sensitive": false,
                    "type": "string",
                    "value": "vpc-c2586ca6"
                },
                "zone_aliases": {
                    "sensitive": false,
                    "type": "list",
                    "value": [
                        "uw1a",
                        "uw1b"
                    ]
                }
            },
            "resources": {
                "aws_default_security_group.vpc": {
                    "type": "aws_default_security_group",
                    "depends_on": [
                        "aws_vpc.mod"
                    ],
                    "primary": {
                        "id": "sg-6186f907",
                        "attributes": {
                            "egress.#": "1",
                            "egress.482069346.cidr_blocks.#": "1",
                            "egress.482069346.cidr_blocks.0": "0.0.0.0/0",
                            "egress.482069346.from_port": "0",
                            "egress.482069346.ipv6_cidr_blocks.#": "0",
                            "egress.482069346.prefix_list_ids.#": "0",
                            "egress.482069346.protocol": "-1",
                            "egress.482069346.security_groups.#": "0",
                            "egress.482069346.self": "false",
                            "egress.482069346.to_port": "0",
                            "id": "sg-6186f907",
                            "ingress.#": "1",
                            "ingress.1398484731.cidr_blocks.#": "1",
                            "ingress.1398484731.cidr_blocks.0": "10.190.0.0/16",
                            "ingress.1398484731.from_port": "22",
                            "ingress.1398484731.ipv6_cidr_blocks.#": "0",
                            "ingress.1398484731.protocol": "tcp",
                            "ingress.1398484731.security_groups.#": "0",
                            "ingress.1398484731.self": "false",
                            "ingress.1398484731.to_port": "22",
                            "name": "default",
                            "owner_id": "060671536724",
                            "tags.%": "3",
                            "tags.Name": "KPGW-PROD-VPC-DEFAULT",
                            "tags.provisioned": "terraform",
                            "tags.role": "default",
                            "vpc_id": "vpc-c2586ca6"
                        },
                        "meta": {},
                        "tainted": false
                    },
                    "deposed": [],
                    "provider": ""
                },
                "aws_eip.nateip.0": {
                    "type": "aws_eip",
                    "depends_on": [],
                    "primary": {
                        "id": "eipalloc-698c7a54",
                        "attributes": {
                            "association_id": "",
                            "domain": "vpc",
                            "id": "eipalloc-698c7a54",
                            "instance": "",
                            "network_interface": "",
                            "private_ip": "",
                            "public_ip": "52.9.185.139",
                            "vpc": "true"
                        },
                        "meta": {},
                        "tainted": false
                    },
                    "deposed": [],
                    "provider": ""
                },
                "aws_eip.nateip.1": {
                    "type": "aws_eip",
                    "depends_on": [],
                    "primary": {
                        "id": "eipalloc-858c7ab8",
                        "attributes": {
                            "association_id": "",
                            "domain": "vpc",
                            "id": "eipalloc-858c7ab8",
                            "instance": "",
                            "network_interface": "",
                            "private_ip": "",
                            "public_ip": "13.57.81.190",
                            "vpc": "true"
                        },
                        "meta": {},
                        "tainted": false
                    },
                    "deposed": [],
                    "provider": ""
                },
                "aws_internet_gateway.mod": {
                    "type": "aws_internet_gateway",
                    "depends_on": [
                        "aws_vpc.mod"
                    ],
                    "primary": {
                        "id": "igw-4069bd24",
                        "attributes": {
                            "id": "igw-4069bd24",
                            "tags.%": "4",
                            "tags.Name": "kpgw-prod-igw",
                            "tags.environment": "prod",
                            "tags.project": "kpgw",
                            "tags.provisioned": "terraform",
                            "vpc_id": "vpc-c2586ca6"
                        },
                        "meta": {},
                        "tainted": false
                    },
                    "deposed": [],
                    "provider": ""
                },
                "aws_key_pair.mod": {
                    "type": "aws_key_pair",
                    "depends_on": [],
                    "primary": {
                        "id": "kpgw-prod",
                        "attributes": {
                            "id": "kpgw-prod",
                            "key_name": "kpgw-prod",
                            "public_key": "ssh-rsa AAAAB3NzaC1yc2EAAAADAQABAAABAQDBHX1Fjyq7/m2ImlbwqRgBDSa0sty5XxlWvei5hWgZZUhBkoAArcNpVXdO/YWfmt9+FiPSjRNZPNTXLLM425JxevlDM9PPGM/iyK5xlCnt7yN0VSR2h539zC1JgzO2BckNnXQBE+fWZciTUi0iCUUhb4fKdj2T7Nv1M7aVl86rKDIVUHyeF9tOluyT73By+XoYOoS9ujIwSyMAb5PVofnP6WdPDE2uuUENL4NzsBZy/JUc91hx+aozJ5tB9h+WhnbyLWeBEPEE9ZHKnB5fO14ftW5+2tLbVaw55i47ldC+2Vl5MG6XvFAPe5i19Na459uuy9ip9YMhhW6q6NcsnWDJ mohammed@mhmd-MacBook-Pro"
                        },
                        "meta": {
                            "schema_version": "1"
                        },
                        "tainted": false
                    },
                    "deposed": [],
                    "provider": ""
                },
                "aws_route.public_internet_gateway": {
                    "type": "aws_route",
                    "depends_on": [
                        "aws_internet_gateway.mod",
                        "aws_route_table.public"
                    ],
                    "primary": {
                        "id": "r-rtb-a4c908c31080289494",
                        "attributes": {
                            "destination_cidr_block": "0.0.0.0/0",
                            "destination_prefix_list_id": "",
                            "egress_only_gateway_id": "",
                            "gateway_id": "igw-4069bd24",
                            "id": "r-rtb-a4c908c31080289494",
                            "instance_id": "",
                            "instance_owner_id": "",
                            "nat_gateway_id": "",
                            "network_interface_id": "",
                            "origin": "CreateRoute",
                            "route_table_id": "rtb-a4c908c3",
                            "state": "active",
                            "vpc_peering_connection_id": ""
                        },
                        "meta": {},
                        "tainted": false
                    },
                    "deposed": [],
                    "provider": ""
                },
                "aws_route53_zone.internal": {
                    "type": "aws_route53_zone",
                    "depends_on": [
                        "aws_vpc.mod",
                        "data.aws_region.current"
                    ],
                    "primary": {
                        "id": "Z53CR1W7814AA",
                        "attributes": {
                            "comment": "PROD",
                            "force_destroy": "false",
                            "id": "Z53CR1W7814AA",
                            "name": "kpgw-internal.prod.com.",
                            "name_servers.#": "4",
                            "name_servers.0": "ns-0.awsdns-00.com.",
                            "name_servers.1": "ns-1024.awsdns-00.org.",
                            "name_servers.2": "ns-1536.awsdns-00.co.uk.",
                            "name_servers.3": "ns-512.awsdns-00.net.",
                            "tags.%": "4",
                            "tags.Name": "internal-kpgw-prod",
                            "tags.environment": "prod",
                            "tags.project": "kpgw",
                            "tags.provisioned": "terraform",
                            "vpc_id": "vpc-c2586ca6",
                            "vpc_region": "us-west-1",
                            "zone_id": "Z53CR1W7814AA"
                        },
                        "meta": {},
                        "tainted": false
                    },
                    "deposed": [],
                    "provider": ""
                },
                "aws_route_table.haproxy.0": {
                    "type": "aws_route_table",
                    "depends_on": [
                        "aws_vpc.mod"
                    ],
                    "primary": {
                        "id": "rtb-b1c809d6",
                        "attributes": {
                            "id": "rtb-b1c809d6",
                            "propagating_vgws.#": "0",
                            "route.#": "0",
                            "tags.%": "4",
                            "tags.Name": "rt-haproxy-a",
                            "tags.environment": "prod",
                            "tags.project": "kpgw",
                            "tags.provisioned": "terraform",
                            "vpc_id": "vpc-c2586ca6"
                        },
                        "meta": {},
                        "tainted": false
                    },
                    "deposed": [],
                    "provider": ""
                },
                "aws_route_table.haproxy.1": {
                    "type": "aws_route_table",
                    "depends_on": [
                        "aws_vpc.mod"
                    ],
                    "primary": {
                        "id": "rtb-dfca0bb8",
                        "attributes": {
                            "id": "rtb-dfca0bb8",
                            "propagating_vgws.#": "0",
                            "route.#": "0",
                            "tags.%": "4",
                            "tags.Name": "rt-haproxy-b",
                            "tags.environment": "prod",
                            "tags.project": "kpgw",
                            "tags.provisioned": "terraform",
                            "vpc_id": "vpc-c2586ca6"
                        },
                        "meta": {},
                        "tainted": false
                    },
                    "deposed": [],
                    "provider": ""
                },
                "aws_route_table.private.0": {
                    "type": "aws_route_table",
                    "depends_on": [
                        "aws_vpc.mod"
                    ],
                    "primary": {
                        "id": "rtb-36c90851",
                        "attributes": {
                            "id": "rtb-36c90851",
                            "propagating_vgws.#": "0",
                            "route.#": "0",
                            "tags.%": "4",
                            "tags.Name": "rt-private-a",
                            "tags.environment": "prod",
                            "tags.project": "kpgw",
                            "tags.provisioned": "terraform",
                            "vpc_id": "vpc-c2586ca6"
                        },
                        "meta": {},
                        "tainted": false
                    },
                    "deposed": [],
                    "provider": ""
                },
                "aws_route_table.private.1": {
                    "type": "aws_route_table",
                    "depends_on": [
                        "aws_vpc.mod"
                    ],
                    "primary": {
                        "id": "rtb-2ccb0a4b",
                        "attributes": {
                            "id": "rtb-2ccb0a4b",
                            "propagating_vgws.#": "0",
                            "route.#": "0",
                            "tags.%": "4",
                            "tags.Name": "rt-private-b",
                            "tags.environment": "prod",
                            "tags.project": "kpgw",
                            "tags.provisioned": "terraform",
                            "vpc_id": "vpc-c2586ca6"
                        },
                        "meta": {},
                        "tainted": false
                    },
                    "deposed": [],
                    "provider": ""
                },
                "aws_route_table.public": {
                    "type": "aws_route_table",
                    "depends_on": [
                        "aws_vpc.mod"
                    ],
                    "primary": {
                        "id": "rtb-a4c908c3",
                        "attributes": {
                            "id": "rtb-a4c908c3",
                            "propagating_vgws.#": "0",
                            "route.#": "0",
                            "tags.%": "4",
                            "tags.Name": "rt-public-a",
                            "tags.environment": "prod",
                            "tags.project": "kpgw",
                            "tags.provisioned": "terraform",
                            "vpc_id": "vpc-c2586ca6"
                        },
                        "meta": {},
                        "tainted": false
                    },
                    "deposed": [],
                    "provider": ""
                },
                "aws_security_group.bastion": {
                    "type": "aws_security_group",
                    "depends_on": [
                        "aws_vpc.mod"
                    ],
                    "primary": {
                        "id": "sg-7683fc10",
                        "attributes": {
                            "description": "Managed by Terraform",
                            "egress.#": "0",
                            "id": "sg-7683fc10",
                            "ingress.#": "0",
                            "name": "KPGW-PROD-BASTION",
                            "owner_id": "060671536724",
                            "tags.%": "3",
                            "tags.Name": "KPGW-PROD-BASTION",
                            "tags.provisioned": "terraform",
                            "tags.role": "bastion",
                            "vpc_id": "vpc-c2586ca6"
                        },
                        "meta": {},
                        "tainted": false
                    },
                    "deposed": [],
                    "provider": ""
                },
                "aws_security_group_rule.bastion-allow-all": {
                    "type": "aws_security_group_rule",
                    "depends_on": [
                        "aws_security_group.bastion"
                    ],
                    "primary": {
                        "id": "sgrule-2852637435",
                        "attributes": {
                            "cidr_blocks.#": "1",
                            "cidr_blocks.0": "0.0.0.0/0",
                            "from_port": "0",
                            "id": "sgrule-2852637435",
                            "protocol": "-1",
                            "security_group_id": "sg-7683fc10",
                            "self": "false",
                            "to_port": "0",
                            "type": "egress"
                        },
                        "meta": {
                            "schema_version": "2"
                        },
                        "tainted": false
                    },
                    "deposed": [],
                    "provider": ""
                },
                "aws_security_group_rule.in-bastion-ssh.0": {
                    "type": "aws_security_group_rule",
                    "depends_on": [
                        "aws_security_group.bastion"
                    ],
                    "primary": {
                        "id": "sgrule-3413347443",
                        "attributes": {
                            "cidr_blocks.#": "1",
                            "cidr_blocks.0": "162.246.216.28/32",
                            "from_port": "22",
                            "id": "sgrule-3413347443",
                            "protocol": "tcp",
                            "security_group_id": "sg-7683fc10",
                            "self": "false",
                            "to_port": "22",
                            "type": "ingress"
                        },
                        "meta": {
                            "schema_version": "2"
                        },
                        "tainted": false
                    },
                    "deposed": [],
                    "provider": ""
                },
                "aws_security_group_rule.in-bastion-ssh.1": {
                    "type": "aws_security_group_rule",
                    "depends_on": [
                        "aws_security_group.bastion"
                    ],
                    "primary": {
                        "id": "sgrule-3060018774",
                        "attributes": {
                            "cidr_blocks.#": "1",
                            "cidr_blocks.0": "162.246.216.28/32",
                            "from_port": "40022",
                            "id": "sgrule-3060018774",
                            "protocol": "tcp",
                            "security_group_id": "sg-7683fc10",
                            "self": "false",
                            "to_port": "40022",
                            "type": "ingress"
                        },
                        "meta": {
                            "schema_version": "2"
                        },
                        "tainted": false
                    },
                    "deposed": [],
                    "provider": ""
                },
                "aws_subnet.haproxy.0": {
                    "type": "aws_subnet",
                    "depends_on": [
                        "aws_vpc.mod"
                    ],
                    "primary": {
                        "id": "subnet-f279a995",
                        "attributes": {
                            "assign_ipv6_address_on_creation": "false",
                            "availability_zone": "us-west-1a",
                            "cidr_block": "10.190.111.0/24",
                            "id": "subnet-f279a995",
                            "map_public_ip_on_launch": "false",
                            "tags.%": "4",
                            "tags.Name": "net-haproxy1-a",
                            "tags.environment": "prod",
                            "tags.project": "kpgw",
                            "tags.provisioned": "terraform",
                            "vpc_id": "vpc-c2586ca6"
                        },
                        "meta": {
                            "schema_version": "1"
                        },
                        "tainted": false
                    },
                    "deposed": [],
                    "provider": ""
                },
                "aws_subnet.private.0": {
                    "type": "aws_subnet",
                    "depends_on": [
                        "aws_vpc.mod"
                    ],
                    "primary": {
                        "id": "subnet-5f79a938",
                        "attributes": {
                            "assign_ipv6_address_on_creation": "false",
                            "availability_zone": "us-west-1a",
                            "cidr_block": "10.190.1.0/24",
                            "id": "subnet-5f79a938",
                            "map_public_ip_on_launch": "false",
                            "tags.%": "5",
                            "tags.Name": "net-private1-a",
                            "tags.environment": "prod",
                            "tags.project": "kpgw",
                            "tags.provisioned": "terraform",
                            "tags.zone": "uw1a",
                            "vpc_id": "vpc-c2586ca6"
                        },
                        "meta": {
                            "schema_version": "1"
                        },
                        "tainted": false
                    },
                    "deposed": [],
                    "provider": ""
                },
                "aws_subnet.public.0": {
                    "type": "aws_subnet",
                    "depends_on": [
                        "aws_vpc.mod"
                    ],
                    "primary": {
                        "id": "subnet-ad7babca",
                        "attributes": {
                            "assign_ipv6_address_on_creation": "false",
                            "availability_zone": "us-west-1a",
                            "cidr_block": "10.190.101.0/24",
                            "id": "subnet-ad7babca",
                            "map_public_ip_on_launch": "true",
                            "tags.%": "5",
                            "tags.Name": "net-public1-a",
                            "tags.environment": "prod",
                            "tags.project": "kpgw",
                            "tags.provisioned": "terraform",
                            "tags.type": "public",
                            "vpc_id": "vpc-c2586ca6"
                        },
                        "meta": {
                            "schema_version": "1"
                        },
                        "tainted": false
                    },
                    "deposed": [],
                    "provider": ""
                },
                "aws_vpc.mod": {
                    "type": "aws_vpc",
                    "depends_on": [],
                    "primary": {
                        "id": "vpc-c2586ca6",
                        "attributes": {
                            "assign_generated_ipv6_cidr_block": "false",
                            "cidr_block": "10.190.0.0/16",
                            "default_network_acl_id": "acl-3d18f25a",
                            "default_route_table_id": "rtb-a7c908c0",
                            "default_security_group_id": "sg-6186f907",
                            "dhcp_options_id": "dopt-10da9174",
                            "enable_classiclink": "false",
                            "enable_dns_hostnames": "true",
                            "enable_dns_support": "true",
                            "id": "vpc-c2586ca6",
                            "instance_tenancy": "default",
                            "main_route_table_id": "rtb-a7c908c0",
                            "tags.%": "4",
                            "tags.Name": "VPC_KPGW_PROD",
                            "tags.environment": "prod",
                            "tags.project": "kpgw",
                            "tags.provisioned": "terraform"
                        },
                        "meta": {
                            "schema_version": "1"
                        },
                        "tainted": false
                    },
                    "deposed": [],
                    "provider": ""
                },
                "data.aws_region.current": {
                    "type": "aws_region",
                    "depends_on": [],
                    "primary": {
                        "id": "us-west-1",
                        "attributes": {
                            "current": "true",
                            "endpoint": "ec2.us-west-1.amazonaws.com",
                            "id": "us-west-1",
                            "name": "us-west-1"
                        },
                        "meta": {},
                        "tainted": false
                    },
                    "deposed": [],
                    "provider": ""
                }
            },
            "depends_on": []
        }
    ]
}
