{
    "version": 3,
    "terraform_version": "0.9.11",
    "serial": 0,
    "lineage": "60d57869-0b21-4074-b286-a3f3d9184da9",
    "modules": [
        {
            "path": [
                "root"
            ],
            "outputs": {},
            "resources": {
                "aws_dynamodb_table.locktable": {
                    "type": "aws_dynamodb_table",
                    "depends_on": [],
                    "primary": {
                        "id": "gw_prod_terraform_state",
                        "attributes": {
                            "arn": "arn:aws:dynamodb:us-west-1:060671536724:table/gw_prod_terraform_state",
                            "attribute.#": "1",
                            "attribute.2068930648.name": "LockID",
                            "attribute.2068930648.type": "S",
                            "global_secondary_index.#": "0",
                            "hash_key": "LockID",
                            "id": "gw_prod_terraform_state",
                            "local_secondary_index.#": "0",
                            "name": "gw_prod_terraform_state",
                            "read_capacity": "5",
                            "tags.%": "2",
                            "tags.Environment": "stg",
                            "tags.Name": "gw_prod_terraform_state",
                            "write_capacity": "5"
                        },
                        "meta": {
                            "schema_version": "1"
                        },
                        "tainted": false
                    },
                    "deposed": [],
                    "provider": ""
                }
            },
            "depends_on": []
        }
    ]
}
