{
    "version": 3,
    "terraform_version": "0.9.11",
    "serial": 0,
    "lineage": "7084cc26-c300-4ad9-a373-340a7a37a6f9",
    "modules": [
        {
            "path": [
                "root"
            ],
            "outputs": {
                "crp_zeppelin_sg_id": {
                    "sensitive": false,
                    "type": "string",
                    "value": "sg-47d4ab21"
                },
                "crp_zeppelin_sg_name": {
                    "sensitive": false,
                    "type": "string",
                    "value": "zeppelin-crp-prod-sg"
                }
            },
            "resources": {
                "aws_ebs_volume.gw-zeppelin-data1-stg": {
                    "type": "aws_ebs_volume",
                    "depends_on": [
                        "data.terraform_remote_state.kms",
                        "data.terraform_remote_state.vpc"
                    ],
                    "primary": {
                        "id": "vol-05bf96f7c7d633356",
                        "attributes": {
                            "availability_zone": "us-west-1a",
                            "encrypted": "true",
                            "id": "vol-05bf96f7c7d633356",
                            "kms_key_id": "arn:aws:kms:us-west-1:060671536724:key/764944d9-a633-401e-af3e-23ad09beb5eb",
                            "size": "80",
                            "snapshot_id": "",
                            "tags.%": "1",
                            "tags.Name": "gw-zeppelin-data1-prod",
                            "type": "gp2"
                        },
                        "meta": {},
                        "tainted": false
                    },
                    "deposed": [],
                    "provider": ""
                },
                "aws_ebs_volume.gw-zeppelin-data2-stg": {
                    "type": "aws_ebs_volume",
                    "depends_on": [
                        "data.terraform_remote_state.kms",
                        "data.terraform_remote_state.vpc"
                    ],
                    "primary": {
                        "id": "vol-0c099b1b57052e435",
                        "attributes": {
                            "availability_zone": "us-west-1a",
                            "encrypted": "true",
                            "id": "vol-0c099b1b57052e435",
                            "kms_key_id": "arn:aws:kms:us-west-1:060671536724:key/764944d9-a633-401e-af3e-23ad09beb5eb",
                            "size": "80",
                            "snapshot_id": "",
                            "tags.%": "1",
                            "tags.Name": "gw-zeppelin-data2-prod",
                            "type": "gp2"
                        },
                        "meta": {},
                        "tainted": false
                    },
                    "deposed": [],
                    "provider": ""
                },
                "aws_ebs_volume.gw-zeppelin-master-stg": {
                    "type": "aws_ebs_volume",
                    "depends_on": [
                        "data.terraform_remote_state.kms",
                        "data.terraform_remote_state.vpc"
                    ],
                    "primary": {
                        "id": "vol-0611754a44765d33a",
                        "attributes": {
                            "availability_zone": "us-west-1a",
                            "encrypted": "true",
                            "id": "vol-0611754a44765d33a",
                            "kms_key_id": "arn:aws:kms:us-west-1:060671536724:key/764944d9-a633-401e-af3e-23ad09beb5eb",
                            "size": "80",
                            "snapshot_id": "",
                            "tags.%": "1",
                            "tags.Name": "gw-zeppelin-master-prod",
                            "type": "gp2"
                        },
                        "meta": {},
                        "tainted": false
                    },
                    "deposed": [],
                    "provider": ""
                },
                "aws_security_group.zeppelin": {
                    "type": "aws_security_group",
                    "depends_on": [
                        "data.terraform_remote_state.vpc"
                    ],
                    "primary": {
                        "id": "sg-47d4ab21",
                        "attributes": {
                            "description": "zeppelin-crp-prod-sg",
                            "egress.#": "0",
                            "id": "sg-47d4ab21",
                            "ingress.#": "0",
                            "name": "zeppelin-crp-prod-sg",
                            "owner_id": "060671536724",
                            "tags.%": "7",
                            "tags.Name": "zeppelin-crp-prod-sg",
                            "tags.environment": "prod",
                            "tags.first_owner": "mingbo.sha",
                            "tags.project": "kpgw",
                            "tags.provisioned": "terraform",
                            "tags.second_owner": "mingbo.sha",
                            "tags.time_frame": "7X24",
                            "vpc_id": "vpc-c2586ca6"
                        },
                        "meta": {},
                        "tainted": false
                    },
                    "deposed": [],
                    "provider": ""
                },
                "aws_security_group.zeppelin-elb": {
                    "type": "aws_security_group",
                    "depends_on": [
                        "data.terraform_remote_state.vpc"
                    ],
                    "primary": {
                        "id": "sg-20d6a946",
                        "attributes": {
                            "description": "ext-web-zeppelin-sg",
                            "egress.#": "0",
                            "id": "sg-20d6a946",
                            "ingress.#": "0",
                            "name": "ext-web-zeppelin-sg",
                            "owner_id": "060671536724",
                            "tags.%": "1",
                            "tags.Name": "ext-web-zeppelin-sg",
                            "vpc_id": "vpc-c2586ca6"
                        },
                        "meta": {},
                        "tainted": false
                    },
                    "deposed": [],
                    "provider": ""
                },
                "aws_security_group_rule.elb_egress_all": {
                    "type": "aws_security_group_rule",
                    "depends_on": [
                        "aws_security_group.zeppelin-elb"
                    ],
                    "primary": {
                        "id": "sgrule-2084596432",
                        "attributes": {
                            "cidr_blocks.#": "1",
                            "cidr_blocks.0": "0.0.0.0/0",
                            "from_port": "0",
                            "id": "sgrule-2084596432",
                            "protocol": "-1",
                            "security_group_id": "sg-20d6a946",
                            "self": "false",
                            "to_port": "0",
                            "type": "egress"
                        },
                        "meta": {
                            "schema_version": "2"
                        },
                        "tainted": false
                    },
                    "deposed": [],
                    "provider": ""
                },
                "aws_security_group_rule.elb_tcp": {
                    "type": "aws_security_group_rule",
                    "depends_on": [
                        "aws_security_group.zeppelin-elb"
                    ],
                    "primary": {
                        "id": "sgrule-744533201",
                        "attributes": {
                            "cidr_blocks.#": "1",
                            "cidr_blocks.0": "0.0.0.0/0",
                            "from_port": "80",
                            "id": "sgrule-744533201",
                            "protocol": "tcp",
                            "security_group_id": "sg-20d6a946",
                            "self": "false",
                            "to_port": "9999",
                            "type": "ingress"
                        },
                        "meta": {
                            "schema_version": "2"
                        },
                        "tainted": false
                    },
                    "deposed": [],
                    "provider": ""
                },
                "aws_security_group_rule.zeppelin-5044": {
                    "type": "aws_security_group_rule",
                    "depends_on": [
                        "aws_security_group.zeppelin"
                    ],
                    "primary": {
                        "id": "sgrule-1208647523",
                        "attributes": {
                            "cidr_blocks.#": "1",
                            "cidr_blocks.0": "10.190.0.0/16",
                            "from_port": "5044",
                            "id": "sgrule-1208647523",
                            "protocol": "tcp",
                            "security_group_id": "sg-47d4ab21",
                            "self": "false",
                            "to_port": "5044",
                            "type": "ingress"
                        },
                        "meta": {
                            "schema_version": "2"
                        },
                        "tainted": false
                    },
                    "deposed": [],
                    "provider": ""
                },
                "aws_security_group_rule.zeppelin-5601": {
                    "type": "aws_security_group_rule",
                    "depends_on": [
                        "aws_security_group.zeppelin",
                        "aws_security_group.zeppelin-elb"
                    ],
                    "primary": {
                        "id": "sgrule-668479924",
                        "attributes": {
                            "from_port": "80",
                            "id": "sgrule-668479924",
                            "protocol": "tcp",
                            "security_group_id": "sg-47d4ab21",
                            "self": "false",
                            "source_security_group_id": "sg-20d6a946",
                            "to_port": "9999",
                            "type": "ingress"
                        },
                        "meta": {
                            "schema_version": "2"
                        },
                        "tainted": false
                    },
                    "deposed": [],
                    "provider": ""
                },
                "aws_security_group_rule.zeppelin-8080": {
                    "type": "aws_security_group_rule",
                    "depends_on": [
                        "aws_security_group.zeppelin",
                        "aws_security_group.zeppelin-elb"
                    ],
                    "primary": {
                        "id": "sgrule-1223146362",
                        "attributes": {
                            "from_port": "8080",
                            "id": "sgrule-1223146362",
                            "protocol": "tcp",
                            "security_group_id": "sg-47d4ab21",
                            "self": "false",
                            "source_security_group_id": "sg-20d6a946",
                            "to_port": "8080",
                            "type": "ingress"
                        },
                        "meta": {
                            "schema_version": "2"
                        },
                        "tainted": false
                    },
                    "deposed": [],
                    "provider": ""
                },
                "aws_security_group_rule.zeppelin-internal": {
                    "type": "aws_security_group_rule",
                    "depends_on": [
                        "aws_security_group.zeppelin"
                    ],
                    "primary": {
                        "id": "sgrule-2571677206",
                        "attributes": {
                            "cidr_blocks.#": "1",
                            "cidr_blocks.0": "10.190.1.0/24",
                            "from_port": "0",
                            "id": "sgrule-2571677206",
                            "protocol": "tcp",
                            "security_group_id": "sg-47d4ab21",
                            "self": "false",
                            "to_port": "65535",
                            "type": "ingress"
                        },
                        "meta": {
                            "schema_version": "2"
                        },
                        "tainted": false
                    },
                    "deposed": [],
                    "provider": ""
                },
                "aws_security_group_rule.zeppelin_egress_all": {
                    "type": "aws_security_group_rule",
                    "depends_on": [
                        "aws_security_group.zeppelin"
                    ],
                    "primary": {
                        "id": "sgrule-2815778385",
                        "attributes": {
                            "cidr_blocks.#": "1",
                            "cidr_blocks.0": "0.0.0.0/0",
                            "from_port": "0",
                            "id": "sgrule-2815778385",
                            "protocol": "-1",
                            "security_group_id": "sg-47d4ab21",
                            "self": "false",
                            "to_port": "0",
                            "type": "egress"
                        },
                        "meta": {
                            "schema_version": "2"
                        },
                        "tainted": false
                    },
                    "deposed": [],
                    "provider": ""
                },
                "data.terraform_remote_state.kms": {
                    "type": "terraform_remote_state",
                    "depends_on": [],
                    "primary": {
                        "id": "2017-10-18 08:42:14.380108 +0000 UTC",
                        "attributes": {
                            "backend": "s3",
                            "config.%": "5",
                            "config.bucket": "terraform-prod-us-west-1",
                            "config.dynamodb_table": "gw_prod_terraform_state",
                            "config.key": "terraform/state/prod/us-west-1/kms/terraform.tfstate",
                            "config.profile": "satish",
                            "config.region": "us-west-1",
                            "db_hdp_stg.arn": "arn:aws:kms:us-west-1:060671536724:key/764944d9-a633-401e-af3e-23ad09beb5eb",
                            "environment": "default",
                            "id": "2017-10-18 08:42:14.380108 +0000 UTC"
                        },
                        "meta": {},
                        "tainted": false
                    },
                    "deposed": [],
                    "provider": ""
                },
                "data.terraform_remote_state.vpc": {
                    "type": "terraform_remote_state",
                    "depends_on": [],
                    "primary": {
                        "id": "2017-10-18 08:42:15.424252 +0000 UTC",
                        "attributes": {
                            "backend": "s3",
                            "config.%": "5",
                            "config.bucket": "terraform-prod-us-west-1",
                            "config.dynamodb_table": "gw_prod_terraform_state",
                            "config.key": "terraform/state/prod/us-west-1/vpc/terraform.tfstate",
                            "config.profile": "satish",
                            "config.region": "us-west-1",
                            "emr_private_master_sg_id": "sg-8085fae6",
                            "emr_private_master_sg_name": "ElasticMapReduce-Master-Private",
                            "emr_private_slave_sg_id": "sg-6d86f90b",
                            "emr_private_slave_sg_name": "ElasticMapReduce-Slave-Private",
                            "emr_public_master_sg_id": "sg-cf84fba9",
                            "emr_public_master_sg_name": "ElasticMapReduce-Master",
                            "emr_public_slave_sg_id": "sg-ca84fbac",
                            "emr_public_slave_sg_name": "ElasticMapReduce-Slave",
                            "emr_service_access_sg_id": "sg-1683fc70",
                            "emr_service_access_sg_name": "ElasticMapReduce-ServiceAccess",
                            "emr_subnet_id": "subnet-5e79a939",
                            "environment": "default",
                            "id": "2017-10-18 08:42:15.424252 +0000 UTC",
                            "internal_zone_domain": "internal",
                            "internal_zone_id": "Z53CR1W7814AA",
                            "internal_zone_ns.#": "4",
                            "internal_zone_ns.0": "ns-0.awsdns-00.com.",
                            "internal_zone_ns.1": "ns-1024.awsdns-00.org.",
                            "internal_zone_ns.2": "ns-1536.awsdns-00.co.uk.",
                            "internal_zone_ns.3": "ns-512.awsdns-00.net.",
                            "vpc_azs.#": "2",
                            "vpc_azs.0": "us-west-1a",
                            "vpc_azs.1": "us-west-1c",
                            "vpc_bastion_public_dns.#": "1",
                            "vpc_bastion_public_dns.0": "ec2-54-183-86-246.us-west-1.compute.amazonaws.com",
                            "vpc_bastion_sg_id": "sg-7683fc10",
                            "vpc_cidr_block": "10.190.0.0/16",
                            "vpc_common_sg_id": "sg-4585fa23",
                            "vpc_common_sg_name": "kpgw-prod-common-sg",
                            "vpc_environment": "prod",
                            "vpc_id": "vpc-c2586ca6",
                            "vpc_igw_id": "igw-4069bd24",
                            "vpc_key_name": "kpgw-prod",
                            "vpc_nat_eips.#": "2",
                            "vpc_nat_eips.0": "eipalloc-698c7a54",
                            "vpc_nat_eips.1": "eipalloc-858c7ab8",
                            "vpc_nat_eips_public_ips.#": "2",
                            "vpc_nat_eips_public_ips.0": "52.9.185.139",
                            "vpc_nat_eips_public_ips.1": "13.57.81.190",
                            "vpc_natgw_ids.#": "2",
                            "vpc_natgw_ids.0": "nat-05b2d31268157fc92",
                            "vpc_natgw_ids.1": "nat-057079c35249e86b6",
                            "vpc_private_subnet_ids.#": "2",
                            "vpc_private_subnet_ids.0": "subnet-5f79a938",
                            "vpc_private_subnet_ids.1": "subnet-7c0fe927",
                            "vpc_project": "kpgw",
                            "vpc_public_subnet_ids.#": "2",
                            "vpc_public_subnet_ids.0": "subnet-ad7babca",
                            "vpc_public_subnet_ids.1": "subnet-580bed03",
                            "vpc_region": "us-west-1",
                            "vpc_zone_aliases.#": "2",
                            "vpc_zone_aliases.0": "uw1a",
                            "vpc_zone_aliases.1": "uw1c"
                        },
                        "meta": {},
                        "tainted": false
                    },
                    "deposed": [],
                    "provider": ""
                }
            },
            "depends_on": []
        }
    ]
}
